// !$*UTF8*$!
{
	archiveVersion = 1;
	classes = {
	};
	objectVersion = 50;
	objects = {

/* Begin PBXBuildFile section */
		04EE224A9427F6AF53FCEB53 /* Pods_PlayBand.framework in Frameworks */ = {isa = PBXBuildFile; fileRef = CB1175214C85AD46AEC4EF17 /* Pods_PlayBand.framework */; };
		5907F6972259DE3C008BB604 /* StoreDescriptionTableViewCell.swift in Sources */ = {isa = PBXBuildFile; fileRef = 5907F6952259DE3C008BB604 /* StoreDescriptionTableViewCell.swift */; };
		5907F6982259DE3C008BB604 /* StoreDescriptionTableViewCell.xib in Resources */ = {isa = PBXBuildFile; fileRef = 5907F6962259DE3C008BB604 /* StoreDescriptionTableViewCell.xib */; };
		5907F69B2259E2BD008BB604 /* StoreContentCategory.swift in Sources */ = {isa = PBXBuildFile; fileRef = 5907F69A2259E2BD008BB604 /* StoreContentCategory.swift */; };
		591E36C1227D9A91008F483E /* BlackListViewController.swift in Sources */ = {isa = PBXBuildFile; fileRef = 591E36C0227D9A91008F483E /* BlackListViewController.swift */; };
		59207AA3225AEC2D00B50E7C /* CalendarTableViewCell.swift in Sources */ = {isa = PBXBuildFile; fileRef = 59207AA2225AEC2D00B50E7C /* CalendarTableViewCell.swift */; };
		59207AA5225AF09400B50E7C /* BookingTimeAndRoom.swift in Sources */ = {isa = PBXBuildFile; fileRef = 59207AA4225AF09400B50E7C /* BookingTimeAndRoom.swift */; };
		5925E44522793F8200EB7C19 /* ErrorMessageEnum.swift in Sources */ = {isa = PBXBuildFile; fileRef = 5925E44422793F8200EB7C19 /* ErrorMessageEnum.swift */; };
		5926747F2270C0280050E161 /* MessageOrderDetailViewController.swift in Sources */ = {isa = PBXBuildFile; fileRef = 5926747E2270C0280050E161 /* MessageOrderDetailViewController.swift */; };
		592674832270D8A60050E161 /* MessageDetailTableViewCell.swift in Sources */ = {isa = PBXBuildFile; fileRef = 592674812270D8A60050E161 /* MessageDetailTableViewCell.swift */; };
		592674842270D8A60050E161 /* MessageDetailTableViewCell.xib in Resources */ = {isa = PBXBuildFile; fileRef = 592674822270D8A60050E161 /* MessageDetailTableViewCell.xib */; };
		5929502F2269A1EA00FD5DC5 /* FirebaseEnum.swift in Sources */ = {isa = PBXBuildFile; fileRef = 5929502E2269A1EA00FD5DC5 /* FirebaseEnum.swift */; };
		592950312269A24F00FD5DC5 /* DataTransform.swift in Sources */ = {isa = PBXBuildFile; fileRef = 592950302269A24F00FD5DC5 /* DataTransform.swift */; };
		592950332269C4A600FD5DC5 /* MessageCategory.swift in Sources */ = {isa = PBXBuildFile; fileRef = 592950322269C4A600FD5DC5 /* MessageCategory.swift */; };
		592D2137226244300017A746 /* GoogleService-Info.plist in Resources */ = {isa = PBXBuildFile; fileRef = 592D2136226244300017A746 /* GoogleService-Info.plist */; };
		592FF2D82272271000872A17 /* MessageImageTableViewCell.swift in Sources */ = {isa = PBXBuildFile; fileRef = 592FF2D62272271000872A17 /* MessageImageTableViewCell.swift */; };
		592FF2D92272271000872A17 /* MessageImageTableViewCell.xib in Resources */ = {isa = PBXBuildFile; fileRef = 592FF2D72272271000872A17 /* MessageImageTableViewCell.xib */; };
		5933CBBE2274774600E0C114 /* UIViewController+Extension.swift in Sources */ = {isa = PBXBuildFile; fileRef = 5933CBBD2274774600E0C114 /* UIViewController+Extension.swift */; };
		5933CBC02275A3A300E0C114 /* NoDataView.swift in Sources */ = {isa = PBXBuildFile; fileRef = 5933CBBF2275A3A300E0C114 /* NoDataView.swift */; };
		593774A5227A13CE008A05E0 /* BaseStoresViewController.swift in Sources */ = {isa = PBXBuildFile; fileRef = 593774A4227A13CE008A05E0 /* BaseStoresViewController.swift */; };
		593774A8227A16D6008A05E0 /* SuperMangerCheckStoreViewController.swift in Sources */ = {isa = PBXBuildFile; fileRef = 593774A7227A16D6008A05E0 /* SuperMangerCheckStoreViewController.swift */; };
		593774AA227A1846008A05E0 /* StoreApplyData.swift in Sources */ = {isa = PBXBuildFile; fileRef = 593774A9227A1846008A05E0 /* StoreApplyData.swift */; };
		593B4FF7226B18A10069F24F /* FirebaseMangerExtension.swift in Sources */ = {isa = PBXBuildFile; fileRef = 593B4FF6226B18A10069F24F /* FirebaseMangerExtension.swift */; };
		593F6E102263C5810014219B /* IQKeyboardManager.swift in Sources */ = {isa = PBXBuildFile; fileRef = 593F6E0F2263C5810014219B /* IQKeyboardManager.swift */; };
		5941D82D225359D500FDEEBA /* AppDelegate.swift in Sources */ = {isa = PBXBuildFile; fileRef = 5941D82C225359D500FDEEBA /* AppDelegate.swift */; };
		5941D832225359D500FDEEBA /* Main.storyboard in Resources */ = {isa = PBXBuildFile; fileRef = 5941D830225359D500FDEEBA /* Main.storyboard */; };
		5941D834225359D600FDEEBA /* Assets.xcassets in Resources */ = {isa = PBXBuildFile; fileRef = 5941D833225359D600FDEEBA /* Assets.xcassets */; };
		5941D837225359D600FDEEBA /* LaunchScreen.storyboard in Resources */ = {isa = PBXBuildFile; fileRef = 5941D835225359D600FDEEBA /* LaunchScreen.storyboard */; };
		59483D7A2268488A00FD211E /* PasswordChangeViewController.swift in Sources */ = {isa = PBXBuildFile; fileRef = 59483D792268488A00FD211E /* PasswordChangeViewController.swift */; };
		59483D7C22684F3C00FD211E /* ProfileEnum.swift in Sources */ = {isa = PBXBuildFile; fileRef = 59483D7B22684F3C00FD211E /* ProfileEnum.swift */; };
		594CAA8A226395F5009A0921 /* UserDataStruct.swift in Sources */ = {isa = PBXBuildFile; fileRef = 594CAA89226395F5009A0921 /* UserDataStruct.swift */; };
		594ED6B1226058E90054CCC9 /* MessageConfirmPageTableViewCell.swift in Sources */ = {isa = PBXBuildFile; fileRef = 594ED6AF226058E90054CCC9 /* MessageConfirmPageTableViewCell.swift */; };
		594ED6B2226058E90054CCC9 /* MessageConfirmPageTableViewCell.xib in Resources */ = {isa = PBXBuildFile; fileRef = 594ED6B0226058E90054CCC9 /* MessageConfirmPageTableViewCell.xib */; };
		5952315C2254AB51008C007F /* ProfileUserPictureImageView.swift in Sources */ = {isa = PBXBuildFile; fileRef = 5952315B2254AB51008C007F /* ProfileUserPictureImageView.swift */; };
		59530B0D225C79EB002F18AB /* ConfirmViewController.swift in Sources */ = {isa = PBXBuildFile; fileRef = 59530B0C225C79EB002F18AB /* ConfirmViewController.swift */; };
		59530B10225C7B58002F18AB /* ConfirmTableViewCell.swift in Sources */ = {isa = PBXBuildFile; fileRef = 59530B0E225C7B58002F18AB /* ConfirmTableViewCell.swift */; };
		59530B11225C7B58002F18AB /* ConfirmTableViewCell.xib in Resources */ = {isa = PBXBuildFile; fileRef = 59530B0F225C7B58002F18AB /* ConfirmTableViewCell.xib */; };
		59530B13225C7F92002F18AB /* ConfirmTableViewHeaderView.swift in Sources */ = {isa = PBXBuildFile; fileRef = 59530B12225C7F92002F18AB /* ConfirmTableViewHeaderView.swift */; };
		59530B15225C7FE5002F18AB /* ConfirmTableViewHeaderView.xib in Resources */ = {isa = PBXBuildFile; fileRef = 59530B14225C7FE5002F18AB /* ConfirmTableViewHeaderView.xib */; };
		59530B17225C8089002F18AB /* ConfirmTableViewSectionHeaderView.swift in Sources */ = {isa = PBXBuildFile; fileRef = 59530B16225C8089002F18AB /* ConfirmTableViewSectionHeaderView.swift */; };
		59530B19225C80A0002F18AB /* ConfirmTableViewSectionHeaderView.xib in Resources */ = {isa = PBXBuildFile; fileRef = 59530B18225C80A0002F18AB /* ConfirmTableViewSectionHeaderView.xib */; };
		5953668E227A9ADD00502B89 /* SuperMangerStoreConfirmViewController.swift in Sources */ = {isa = PBXBuildFile; fileRef = 5953668D227A9ADD00502B89 /* SuperMangerStoreConfirmViewController.swift */; };
		59536690227ACCBD00502B89 /* MessageFetchDataEnum.swift in Sources */ = {isa = PBXBuildFile; fileRef = 5953668F227ACCBD00502B89 /* MessageFetchDataEnum.swift */; };
		59536693227AE70800502B89 /* EditStoreDetailViewController.swift in Sources */ = {isa = PBXBuildFile; fileRef = 59536692227AE70800502B89 /* EditStoreDetailViewController.swift */; };
		59536697227AEF8C00502B89 /* EditStoreInfoViewController.swift in Sources */ = {isa = PBXBuildFile; fileRef = 59536696227AEF8C00502B89 /* EditStoreInfoViewController.swift */; };
		59536699227AF25E00502B89 /* CheckTextFieldText.swift in Sources */ = {isa = PBXBuildFile; fileRef = 59536698227AF25E00502B89 /* CheckTextFieldText.swift */; };
		5959C806226DA1C300AA62AD /* UIColor+Extension.swift in Sources */ = {isa = PBXBuildFile; fileRef = 5959C805226DA1C300AA62AD /* UIColor+Extension.swift */; };
		595F939D227B4CEB007DA364 /* EditStoreRoomViewController.swift in Sources */ = {isa = PBXBuildFile; fileRef = 595F939C227B4CEB007DA364 /* EditStoreRoomViewController.swift */; };
		595F939F227B52AA007DA364 /* EditStorePhotoViewController.swift in Sources */ = {isa = PBXBuildFile; fileRef = 595F939E227B52AA007DA364 /* EditStorePhotoViewController.swift */; };
		596662082275D703006DE29F /* JGProgressHUD.swift in Sources */ = {isa = PBXBuildFile; fileRef = 596662072275D703006DE29F /* JGProgressHUD.swift */; };
		5966620A2275DEE9006DE29F /* MJRefresh.swift in Sources */ = {isa = PBXBuildFile; fileRef = 596662092275DEE9006DE29F /* MJRefresh.swift */; };
		597F044A225EDDD600BAAFEE /* SignIn.storyboard in Resources */ = {isa = PBXBuildFile; fileRef = 597F0449225EDDD600BAAFEE /* SignIn.storyboard */; };
		597F044D225EE79D00BAAFEE /* SignInViewController.swift in Sources */ = {isa = PBXBuildFile; fileRef = 597F044C225EE79D00BAAFEE /* SignInViewController.swift */; };
		597F044F225F210F00BAAFEE /* SignUpViewController.swift in Sources */ = {isa = PBXBuildFile; fileRef = 597F044E225F210F00BAAFEE /* SignUpViewController.swift */; };
		5980519D225F2D45002036FD /* MessageViewController.swift in Sources */ = {isa = PBXBuildFile; fileRef = 5980519C225F2D45002036FD /* MessageViewController.swift */; };
		59821B2E227822CA00A61B50 /* StoreMangerViewController.swift in Sources */ = {isa = PBXBuildFile; fileRef = 59821B2D227822CA00A61B50 /* StoreMangerViewController.swift */; };
		59821B3222782B3700A61B50 /* StoreApplyContentCategory.swift in Sources */ = {isa = PBXBuildFile; fileRef = 59821B3122782B3700A61B50 /* StoreApplyContentCategory.swift */; };
		59821B352278402900A61B50 /* AddRoomViewController.swift in Sources */ = {isa = PBXBuildFile; fileRef = 59821B342278402900A61B50 /* AddRoomViewController.swift */; };
		59821B3A2278418F00A61B50 /* StoreAddRoomTableViewCell.swift in Sources */ = {isa = PBXBuildFile; fileRef = 59821B382278418F00A61B50 /* StoreAddRoomTableViewCell.swift */; };
		59821B3B2278418F00A61B50 /* StoreAddRoomTableViewCell.xib in Resources */ = {isa = PBXBuildFile; fileRef = 59821B392278418F00A61B50 /* StoreAddRoomTableViewCell.xib */; };
		59821B3D227867EA00A61B50 /* AddImageViewController.swift in Sources */ = {isa = PBXBuildFile; fileRef = 59821B3C227867EA00A61B50 /* AddImageViewController.swift */; };
		59821B402278705E00A61B50 /* StoreAddImageTableViewCell.swift in Sources */ = {isa = PBXBuildFile; fileRef = 59821B3E2278705E00A61B50 /* StoreAddImageTableViewCell.swift */; };
		59821B412278705E00A61B50 /* StoreAddImageTableViewCell.xib in Resources */ = {isa = PBXBuildFile; fileRef = 59821B3F2278705E00A61B50 /* StoreAddImageTableViewCell.xib */; };
		59852EAE226F630E00D1D7EE /* CALayer+Extension.swift in Sources */ = {isa = PBXBuildFile; fileRef = 59852EAD226F630E00D1D7EE /* CALayer+Extension.swift */; };
		598B8CD52254B9530061F03B /* ProfileInformationTableViewCell.swift in Sources */ = {isa = PBXBuildFile; fileRef = 598B8CD32254B9530061F03B /* ProfileInformationTableViewCell.swift */; };
		598B8CD62254B9530061F03B /* ProfileInformationTableViewCell.xib in Resources */ = {isa = PBXBuildFile; fileRef = 598B8CD42254B9530061F03B /* ProfileInformationTableViewCell.xib */; };
		598B8CD82254BFF80061F03B /* UITableView+Extension.swift in Sources */ = {isa = PBXBuildFile; fileRef = 598B8CD72254BFF80061F03B /* UITableView+Extension.swift */; };
		598B8CDB2254C4610061F03B /* ProfileContentCategory.swift in Sources */ = {isa = PBXBuildFile; fileRef = 598B8CDA2254C4610061F03B /* ProfileContentCategory.swift */; };
		59949297225A7FCE00726BF3 /* CalendarViewController.swift in Sources */ = {isa = PBXBuildFile; fileRef = 59949296225A7FCE00726BF3 /* CalendarViewController.swift */; };
		5995BEFE2272D6610078C39A /* EditSectionHeaderTableViewCell.swift in Sources */ = {isa = PBXBuildFile; fileRef = 5995BEFC2272D6610078C39A /* EditSectionHeaderTableViewCell.swift */; };
		5995BEFF2272D6610078C39A /* EditSectionHeaderTableViewCell.xib in Resources */ = {isa = PBXBuildFile; fileRef = 5995BEFD2272D6610078C39A /* EditSectionHeaderTableViewCell.xib */; };
		59A08E972267931B00F405B5 /* UserListDataStruct.swift in Sources */ = {isa = PBXBuildFile; fileRef = 59A08E962267931B00F405B5 /* UserListDataStruct.swift */; };
		59ABB0232258732B00AE937A /* SettingTableViewCell.swift in Sources */ = {isa = PBXBuildFile; fileRef = 59ABB0212258732B00AE937A /* SettingTableViewCell.swift */; };
		59ABB0242258732B00AE937A /* SettingTableViewCell.xib in Resources */ = {isa = PBXBuildFile; fileRef = 59ABB0222258732B00AE937A /* SettingTableViewCell.xib */; };
		59ABB026225877C400AE937A /* SettingViewController.swift in Sources */ = {isa = PBXBuildFile; fileRef = 59ABB025225877C400AE937A /* SettingViewController.swift */; };
		59ABB029225878C700AE937A /* SettingContentCategory.swift in Sources */ = {isa = PBXBuildFile; fileRef = 59ABB028225878C700AE937A /* SettingContentCategory.swift */; };
		59ABB02C2258A89D00AE937A /* SearchStoreViewController.swift in Sources */ = {isa = PBXBuildFile; fileRef = 59ABB02B2258A89D00AE937A /* SearchStoreViewController.swift */; };
		59ABB0342258B32B00AE937A /* SearchStoreTableViewCell.swift in Sources */ = {isa = PBXBuildFile; fileRef = 59ABB0322258B32B00AE937A /* SearchStoreTableViewCell.swift */; };
		59ABB0352258B32B00AE937A /* SearchStoreTableViewCell.xib in Resources */ = {isa = PBXBuildFile; fileRef = 59ABB0332258B32B00AE937A /* SearchStoreTableViewCell.xib */; };
		59ABB0382259084800AE937A /* StoreDetailViewController.swift in Sources */ = {isa = PBXBuildFile; fileRef = 59ABB0362259084800AE937A /* StoreDetailViewController.swift */; };
		59B43E0B226ECA5C00598538 /* StoreTitleImageTableViewCell.swift in Sources */ = {isa = PBXBuildFile; fileRef = 59B43E09226ECA5C00598538 /* StoreTitleImageTableViewCell.swift */; };
		59B43E0C226ECA5C00598538 /* StoreTitleImageTableViewCell.xib in Resources */ = {isa = PBXBuildFile; fileRef = 59B43E0A226ECA5C00598538 /* StoreTitleImageTableViewCell.xib */; };
		59B43E11226ECAD000598538 /* StoreImageCollectionViewCell.swift in Sources */ = {isa = PBXBuildFile; fileRef = 59B43E0F226ECAD000598538 /* StoreImageCollectionViewCell.swift */; };
		59B43E12226ECAD000598538 /* StoreImageCollectionViewCell.xib in Resources */ = {isa = PBXBuildFile; fileRef = 59B43E10226ECAD000598538 /* StoreImageCollectionViewCell.xib */; };
		59B43E14226ECD4300598538 /* UICollectionVIew+Extension.swift in Sources */ = {isa = PBXBuildFile; fileRef = 59B43E13226ECD4300598538 /* UICollectionVIew+Extension.swift */; };
		59B43E16226EEDF300598538 /* BaseNavigationViewController.swift in Sources */ = {isa = PBXBuildFile; fileRef = 59B43E15226EEDF300598538 /* BaseNavigationViewController.swift */; };
		59B43E18226F03A300598538 /* UIButton+Extension.swift in Sources */ = {isa = PBXBuildFile; fileRef = 59B43E17226F03A300598538 /* UIButton+Extension.swift */; };
		59BB3D5E2264AA8D00E46BEE /* BaseEditViewController.swift in Sources */ = {isa = PBXBuildFile; fileRef = 59BB3D5D2264AA8D00E46BEE /* BaseEditViewController.swift */; };
		59BB3D602264AAAE00E46BEE /* EditPage.storyboard in Resources */ = {isa = PBXBuildFile; fileRef = 59BB3D5F2264AAAE00E46BEE /* EditPage.storyboard */; };
		59BB3D642264AAE800E46BEE /* EditPageTableViewCell.swift in Sources */ = {isa = PBXBuildFile; fileRef = 59BB3D622264AAE800E46BEE /* EditPageTableViewCell.swift */; };
		59BB3D652264AAE800E46BEE /* EditPageTableViewCell.xib in Resources */ = {isa = PBXBuildFile; fileRef = 59BB3D632264AAE800E46BEE /* EditPageTableViewCell.xib */; };
		59D717A922658742009772FC /* UIImageView+Extension.swift in Sources */ = {isa = PBXBuildFile; fileRef = 59D717A822658742009772FC /* UIImageView+Extension.swift */; };
		59D717AB22658B6A009772FC /* StoreDataStruct.swift in Sources */ = {isa = PBXBuildFile; fileRef = 59D717AA22658B6A009772FC /* StoreDataStruct.swift */; };
		59D717AD2265A8F3009772FC /* ResultEnum.swift in Sources */ = {isa = PBXBuildFile; fileRef = 59D717AC2265A8F3009772FC /* ResultEnum.swift */; };
		59DFF84F22564DEB00273724 /* UILabel+Extension.swift in Sources */ = {isa = PBXBuildFile; fileRef = 59DFF84E22564DEB00273724 /* UILabel+Extension.swift */; };
		59DFF8512257409300273724 /* Photo.storyboard in Resources */ = {isa = PBXBuildFile; fileRef = 59DFF8502257409300273724 /* Photo.storyboard */; };
		59DFF8542257465800273724 /* PhotoViewController.swift in Sources */ = {isa = PBXBuildFile; fileRef = 59DFF8532257465800273724 /* PhotoViewController.swift */; };
		59DFF85622578DAB00273724 /* EditProfileViewController.swift in Sources */ = {isa = PBXBuildFile; fileRef = 59DFF85522578DAB00273724 /* EditProfileViewController.swift */; };
		59DFF85A22578FFD00273724 /* EditTableViewCell.swift in Sources */ = {isa = PBXBuildFile; fileRef = 59DFF85822578FFD00273724 /* EditTableViewCell.swift */; };
		59DFF85B22578FFD00273724 /* EditTableViewCell.xib in Resources */ = {isa = PBXBuildFile; fileRef = 59DFF85922578FFD00273724 /* EditTableViewCell.xib */; };
		59E6FDFE227BFB4400EFAE55 /* NSNotification+Extension.swift in Sources */ = {isa = PBXBuildFile; fileRef = 59E6FDFD227BFB4400EFAE55 /* NSNotification+Extension.swift */; };
		59E6FE00227C335300EFAE55 /* AccountError.swift in Sources */ = {isa = PBXBuildFile; fileRef = 59E6FDFF227C335300EFAE55 /* AccountError.swift */; };
		59E6FE02227C4E9300EFAE55 /* UIAlertAction+Extension.swift in Sources */ = {isa = PBXBuildFile; fileRef = 59E6FE01227C4E9300EFAE55 /* UIAlertAction+Extension.swift */; };
		59EED82E2278B193006A52C7 /* EditTableHeaderFooterView.swift in Sources */ = {isa = PBXBuildFile; fileRef = 59EED82D2278B193006A52C7 /* EditTableHeaderFooterView.swift */; };
		59EED8302278B1F1006A52C7 /* EditTableHeaderFooterView.xib in Resources */ = {isa = PBXBuildFile; fileRef = 59EED82F2278B1F1006A52C7 /* EditTableHeaderFooterView.xib */; };
		59EED8322278B8A9006A52C7 /* BaseStoreDetailViewController.swift in Sources */ = {isa = PBXBuildFile; fileRef = 59EED8312278B8A9006A52C7 /* BaseStoreDetailViewController.swift */; };
		59EED8342278BB40006A52C7 /* StoreReviewViewController.swift in Sources */ = {isa = PBXBuildFile; fileRef = 59EED8332278BB40006A52C7 /* StoreReviewViewController.swift */; };
		59F81F8F2254625C00C04E32 /* PBTabBarController.swift in Sources */ = {isa = PBXBuildFile; fileRef = 59F81F8E2254625C00C04E32 /* PBTabBarController.swift */; };
		59F81F92225462FD00C04E32 /* UIStoryBoard+Extenstion.swift in Sources */ = {isa = PBXBuildFile; fileRef = 59F81F91225462FD00C04E32 /* UIStoryBoard+Extenstion.swift */; };
		59F81F94225463BB00C04E32 /* Profile.storyboard in Resources */ = {isa = PBXBuildFile; fileRef = 59F81F93225463BB00C04E32 /* Profile.storyboard */; };
		59F81F962254640200C04E32 /* News.storyboard in Resources */ = {isa = PBXBuildFile; fileRef = 59F81F952254640200C04E32 /* News.storyboard */; };
		59F81F982254641400C04E32 /* Booking.storyboard in Resources */ = {isa = PBXBuildFile; fileRef = 59F81F972254641400C04E32 /* Booking.storyboard */; };
		59F81F9A2254642F00C04E32 /* Message.storyboard in Resources */ = {isa = PBXBuildFile; fileRef = 59F81F992254642F00C04E32 /* Message.storyboard */; };
		59F81F9C22547C3A00C04E32 /* UIImage+Extension.swift in Sources */ = {isa = PBXBuildFile; fileRef = 59F81F9B22547C3A00C04E32 /* UIImage+Extension.swift */; };
		59F81F9F22549FCD00C04E32 /* ProfileViewController.swift in Sources */ = {isa = PBXBuildFile; fileRef = 59F81F9E22549FCD00C04E32 /* ProfileViewController.swift */; };
		59F81FA12254A3F200C04E32 /* UIView+Extension.swift in Sources */ = {isa = PBXBuildFile; fileRef = 59F81FA02254A3F100C04E32 /* UIView+Extension.swift */; };
		59FCFD3922620CAE006402E5 /* Firebase.swift in Sources */ = {isa = PBXBuildFile; fileRef = 59FCFD3822620CAE006402E5 /* Firebase.swift */; };
		59FF33CC22701D3F00F8DCAA /* MessageOrderTableViewCell.swift in Sources */ = {isa = PBXBuildFile; fileRef = 59FF33CA22701D3F00F8DCAA /* MessageOrderTableViewCell.swift */; };
		59FF33CD22701D3F00F8DCAA /* MessageOrderTableViewCell.xib in Resources */ = {isa = PBXBuildFile; fileRef = 59FF33CB22701D3F00F8DCAA /* MessageOrderTableViewCell.xib */; };
		59FF33CF2270316800F8DCAA /* MessageOrderViewController.swift in Sources */ = {isa = PBXBuildFile; fileRef = 59FF33CE2270316800F8DCAA /* MessageOrderViewController.swift */; };
/* End PBXBuildFile section */

/* Begin PBXFileReference section */
		4DC66BA7995D6F264BD1A145 /* Pods-PlayBand.release.xcconfig */ = {isa = PBXFileReference; includeInIndex = 1; lastKnownFileType = text.xcconfig; name = "Pods-PlayBand.release.xcconfig"; path = "Target Support Files/Pods-PlayBand/Pods-PlayBand.release.xcconfig"; sourceTree = "<group>"; };
		5907F6952259DE3C008BB604 /* StoreDescriptionTableViewCell.swift */ = {isa = PBXFileReference; lastKnownFileType = sourcecode.swift; path = StoreDescriptionTableViewCell.swift; sourceTree = "<group>"; };
		5907F6962259DE3C008BB604 /* StoreDescriptionTableViewCell.xib */ = {isa = PBXFileReference; lastKnownFileType = file.xib; path = StoreDescriptionTableViewCell.xib; sourceTree = "<group>"; };
		5907F69A2259E2BD008BB604 /* StoreContentCategory.swift */ = {isa = PBXFileReference; lastKnownFileType = sourcecode.swift; path = StoreContentCategory.swift; sourceTree = "<group>"; };
		591E36C0227D9A91008F483E /* BlackListViewController.swift */ = {isa = PBXFileReference; lastKnownFileType = sourcecode.swift; path = BlackListViewController.swift; sourceTree = "<group>"; };
		59207AA2225AEC2D00B50E7C /* CalendarTableViewCell.swift */ = {isa = PBXFileReference; lastKnownFileType = sourcecode.swift; path = CalendarTableViewCell.swift; sourceTree = "<group>"; };
		59207AA4225AF09400B50E7C /* BookingTimeAndRoom.swift */ = {isa = PBXFileReference; lastKnownFileType = sourcecode.swift; path = BookingTimeAndRoom.swift; sourceTree = "<group>"; };
		5925E44422793F8200EB7C19 /* ErrorMessageEnum.swift */ = {isa = PBXFileReference; lastKnownFileType = sourcecode.swift; path = ErrorMessageEnum.swift; sourceTree = "<group>"; };
		5926747E2270C0280050E161 /* MessageOrderDetailViewController.swift */ = {isa = PBXFileReference; lastKnownFileType = sourcecode.swift; path = MessageOrderDetailViewController.swift; sourceTree = "<group>"; };
		592674812270D8A60050E161 /* MessageDetailTableViewCell.swift */ = {isa = PBXFileReference; lastKnownFileType = sourcecode.swift; path = MessageDetailTableViewCell.swift; sourceTree = "<group>"; };
		592674822270D8A60050E161 /* MessageDetailTableViewCell.xib */ = {isa = PBXFileReference; lastKnownFileType = file.xib; path = MessageDetailTableViewCell.xib; sourceTree = "<group>"; };
		5929502E2269A1EA00FD5DC5 /* FirebaseEnum.swift */ = {isa = PBXFileReference; lastKnownFileType = sourcecode.swift; path = FirebaseEnum.swift; sourceTree = "<group>"; };
		592950302269A24F00FD5DC5 /* DataTransform.swift */ = {isa = PBXFileReference; lastKnownFileType = sourcecode.swift; path = DataTransform.swift; sourceTree = "<group>"; };
		592950322269C4A600FD5DC5 /* MessageCategory.swift */ = {isa = PBXFileReference; lastKnownFileType = sourcecode.swift; path = MessageCategory.swift; sourceTree = "<group>"; };
		592D2136226244300017A746 /* GoogleService-Info.plist */ = {isa = PBXFileReference; fileEncoding = 4; lastKnownFileType = text.plist.xml; path = "GoogleService-Info.plist"; sourceTree = "<group>"; };
		592FF2D62272271000872A17 /* MessageImageTableViewCell.swift */ = {isa = PBXFileReference; lastKnownFileType = sourcecode.swift; path = MessageImageTableViewCell.swift; sourceTree = "<group>"; };
		592FF2D72272271000872A17 /* MessageImageTableViewCell.xib */ = {isa = PBXFileReference; lastKnownFileType = file.xib; path = MessageImageTableViewCell.xib; sourceTree = "<group>"; };
		5933CBBD2274774600E0C114 /* UIViewController+Extension.swift */ = {isa = PBXFileReference; lastKnownFileType = sourcecode.swift; path = "UIViewController+Extension.swift"; sourceTree = "<group>"; };
		5933CBBF2275A3A300E0C114 /* NoDataView.swift */ = {isa = PBXFileReference; lastKnownFileType = sourcecode.swift; path = NoDataView.swift; sourceTree = "<group>"; };
		593774A4227A13CE008A05E0 /* BaseStoresViewController.swift */ = {isa = PBXFileReference; lastKnownFileType = sourcecode.swift; path = BaseStoresViewController.swift; sourceTree = "<group>"; };
		593774A7227A16D6008A05E0 /* SuperMangerCheckStoreViewController.swift */ = {isa = PBXFileReference; lastKnownFileType = sourcecode.swift; path = SuperMangerCheckStoreViewController.swift; sourceTree = "<group>"; };
		593774A9227A1846008A05E0 /* StoreApplyData.swift */ = {isa = PBXFileReference; lastKnownFileType = sourcecode.swift; path = StoreApplyData.swift; sourceTree = "<group>"; };
		593B4FF6226B18A10069F24F /* FirebaseMangerExtension.swift */ = {isa = PBXFileReference; lastKnownFileType = sourcecode.swift; path = FirebaseMangerExtension.swift; sourceTree = "<group>"; };
		593F6E0F2263C5810014219B /* IQKeyboardManager.swift */ = {isa = PBXFileReference; lastKnownFileType = sourcecode.swift; path = IQKeyboardManager.swift; sourceTree = "<group>"; };
		5941D829225359D500FDEEBA /* PlayBand.app */ = {isa = PBXFileReference; explicitFileType = wrapper.application; includeInIndex = 0; path = PlayBand.app; sourceTree = BUILT_PRODUCTS_DIR; };
		5941D82C225359D500FDEEBA /* AppDelegate.swift */ = {isa = PBXFileReference; lastKnownFileType = sourcecode.swift; path = AppDelegate.swift; sourceTree = "<group>"; };
		5941D831225359D500FDEEBA /* Base */ = {isa = PBXFileReference; lastKnownFileType = file.storyboard; name = Base; path = Base.lproj/Main.storyboard; sourceTree = "<group>"; };
		5941D833225359D600FDEEBA /* Assets.xcassets */ = {isa = PBXFileReference; lastKnownFileType = folder.assetcatalog; path = Assets.xcassets; sourceTree = "<group>"; };
		5941D836225359D600FDEEBA /* Base */ = {isa = PBXFileReference; lastKnownFileType = file.storyboard; name = Base; path = Base.lproj/LaunchScreen.storyboard; sourceTree = "<group>"; };
		5941D838225359D600FDEEBA /* Info.plist */ = {isa = PBXFileReference; lastKnownFileType = text.plist.xml; path = Info.plist; sourceTree = "<group>"; };
		59483D792268488A00FD211E /* PasswordChangeViewController.swift */ = {isa = PBXFileReference; lastKnownFileType = sourcecode.swift; path = PasswordChangeViewController.swift; sourceTree = "<group>"; };
		59483D7B22684F3C00FD211E /* ProfileEnum.swift */ = {isa = PBXFileReference; lastKnownFileType = sourcecode.swift; path = ProfileEnum.swift; sourceTree = "<group>"; };
		594CAA89226395F5009A0921 /* UserDataStruct.swift */ = {isa = PBXFileReference; lastKnownFileType = sourcecode.swift; path = UserDataStruct.swift; sourceTree = "<group>"; };
		594ED6AF226058E90054CCC9 /* MessageConfirmPageTableViewCell.swift */ = {isa = PBXFileReference; lastKnownFileType = sourcecode.swift; path = MessageConfirmPageTableViewCell.swift; sourceTree = "<group>"; };
		594ED6B0226058E90054CCC9 /* MessageConfirmPageTableViewCell.xib */ = {isa = PBXFileReference; lastKnownFileType = file.xib; path = MessageConfirmPageTableViewCell.xib; sourceTree = "<group>"; };
		5952315B2254AB51008C007F /* ProfileUserPictureImageView.swift */ = {isa = PBXFileReference; fileEncoding = 4; lastKnownFileType = sourcecode.swift; path = ProfileUserPictureImageView.swift; sourceTree = "<group>"; };
		59530B0C225C79EB002F18AB /* ConfirmViewController.swift */ = {isa = PBXFileReference; lastKnownFileType = sourcecode.swift; path = ConfirmViewController.swift; sourceTree = "<group>"; };
		59530B0E225C7B58002F18AB /* ConfirmTableViewCell.swift */ = {isa = PBXFileReference; lastKnownFileType = sourcecode.swift; path = ConfirmTableViewCell.swift; sourceTree = "<group>"; };
		59530B0F225C7B58002F18AB /* ConfirmTableViewCell.xib */ = {isa = PBXFileReference; lastKnownFileType = file.xib; path = ConfirmTableViewCell.xib; sourceTree = "<group>"; };
		59530B12225C7F92002F18AB /* ConfirmTableViewHeaderView.swift */ = {isa = PBXFileReference; lastKnownFileType = sourcecode.swift; path = ConfirmTableViewHeaderView.swift; sourceTree = "<group>"; };
		59530B14225C7FE5002F18AB /* ConfirmTableViewHeaderView.xib */ = {isa = PBXFileReference; lastKnownFileType = file.xib; path = ConfirmTableViewHeaderView.xib; sourceTree = "<group>"; };
		59530B16225C8089002F18AB /* ConfirmTableViewSectionHeaderView.swift */ = {isa = PBXFileReference; lastKnownFileType = sourcecode.swift; path = ConfirmTableViewSectionHeaderView.swift; sourceTree = "<group>"; };
		59530B18225C80A0002F18AB /* ConfirmTableViewSectionHeaderView.xib */ = {isa = PBXFileReference; lastKnownFileType = file.xib; path = ConfirmTableViewSectionHeaderView.xib; sourceTree = "<group>"; };
		5953668D227A9ADD00502B89 /* SuperMangerStoreConfirmViewController.swift */ = {isa = PBXFileReference; lastKnownFileType = sourcecode.swift; path = SuperMangerStoreConfirmViewController.swift; sourceTree = "<group>"; };
		5953668F227ACCBD00502B89 /* MessageFetchDataEnum.swift */ = {isa = PBXFileReference; lastKnownFileType = sourcecode.swift; path = MessageFetchDataEnum.swift; sourceTree = "<group>"; };
		59536692227AE70800502B89 /* EditStoreDetailViewController.swift */ = {isa = PBXFileReference; lastKnownFileType = sourcecode.swift; path = EditStoreDetailViewController.swift; sourceTree = "<group>"; };
		59536696227AEF8C00502B89 /* EditStoreInfoViewController.swift */ = {isa = PBXFileReference; lastKnownFileType = sourcecode.swift; path = EditStoreInfoViewController.swift; sourceTree = "<group>"; };
		59536698227AF25E00502B89 /* CheckTextFieldText.swift */ = {isa = PBXFileReference; lastKnownFileType = sourcecode.swift; path = CheckTextFieldText.swift; sourceTree = "<group>"; };
		5959C805226DA1C300AA62AD /* UIColor+Extension.swift */ = {isa = PBXFileReference; lastKnownFileType = sourcecode.swift; path = "UIColor+Extension.swift"; sourceTree = "<group>"; };
		595F939C227B4CEB007DA364 /* EditStoreRoomViewController.swift */ = {isa = PBXFileReference; lastKnownFileType = sourcecode.swift; path = EditStoreRoomViewController.swift; sourceTree = "<group>"; };
		595F939E227B52AA007DA364 /* EditStorePhotoViewController.swift */ = {isa = PBXFileReference; lastKnownFileType = sourcecode.swift; path = EditStorePhotoViewController.swift; sourceTree = "<group>"; };
		596662072275D703006DE29F /* JGProgressHUD.swift */ = {isa = PBXFileReference; lastKnownFileType = sourcecode.swift; path = JGProgressHUD.swift; sourceTree = "<group>"; };
		596662092275DEE9006DE29F /* MJRefresh.swift */ = {isa = PBXFileReference; lastKnownFileType = sourcecode.swift; path = MJRefresh.swift; sourceTree = "<group>"; };
		597F0449225EDDD600BAAFEE /* SignIn.storyboard */ = {isa = PBXFileReference; lastKnownFileType = file.storyboard; path = SignIn.storyboard; sourceTree = "<group>"; };
		597F044C225EE79D00BAAFEE /* SignInViewController.swift */ = {isa = PBXFileReference; lastKnownFileType = sourcecode.swift; path = SignInViewController.swift; sourceTree = "<group>"; };
		597F044E225F210F00BAAFEE /* SignUpViewController.swift */ = {isa = PBXFileReference; lastKnownFileType = sourcecode.swift; path = SignUpViewController.swift; sourceTree = "<group>"; };
		5980519C225F2D45002036FD /* MessageViewController.swift */ = {isa = PBXFileReference; lastKnownFileType = sourcecode.swift; path = MessageViewController.swift; sourceTree = "<group>"; };
		59821B2D227822CA00A61B50 /* StoreMangerViewController.swift */ = {isa = PBXFileReference; lastKnownFileType = sourcecode.swift; path = StoreMangerViewController.swift; sourceTree = "<group>"; };
		59821B3122782B3700A61B50 /* StoreApplyContentCategory.swift */ = {isa = PBXFileReference; lastKnownFileType = sourcecode.swift; path = StoreApplyContentCategory.swift; sourceTree = "<group>"; };
		59821B342278402900A61B50 /* AddRoomViewController.swift */ = {isa = PBXFileReference; lastKnownFileType = sourcecode.swift; path = AddRoomViewController.swift; sourceTree = "<group>"; };
		59821B382278418F00A61B50 /* StoreAddRoomTableViewCell.swift */ = {isa = PBXFileReference; lastKnownFileType = sourcecode.swift; path = StoreAddRoomTableViewCell.swift; sourceTree = "<group>"; };
		59821B392278418F00A61B50 /* StoreAddRoomTableViewCell.xib */ = {isa = PBXFileReference; lastKnownFileType = file.xib; path = StoreAddRoomTableViewCell.xib; sourceTree = "<group>"; };
		59821B3C227867EA00A61B50 /* AddImageViewController.swift */ = {isa = PBXFileReference; lastKnownFileType = sourcecode.swift; path = AddImageViewController.swift; sourceTree = "<group>"; };
		59821B3E2278705E00A61B50 /* StoreAddImageTableViewCell.swift */ = {isa = PBXFileReference; lastKnownFileType = sourcecode.swift; path = StoreAddImageTableViewCell.swift; sourceTree = "<group>"; };
		59821B3F2278705E00A61B50 /* StoreAddImageTableViewCell.xib */ = {isa = PBXFileReference; lastKnownFileType = file.xib; path = StoreAddImageTableViewCell.xib; sourceTree = "<group>"; };
		59852EAD226F630E00D1D7EE /* CALayer+Extension.swift */ = {isa = PBXFileReference; lastKnownFileType = sourcecode.swift; path = "CALayer+Extension.swift"; sourceTree = "<group>"; };
		598B8CD32254B9530061F03B /* ProfileInformationTableViewCell.swift */ = {isa = PBXFileReference; lastKnownFileType = sourcecode.swift; path = ProfileInformationTableViewCell.swift; sourceTree = "<group>"; };
		598B8CD42254B9530061F03B /* ProfileInformationTableViewCell.xib */ = {isa = PBXFileReference; lastKnownFileType = file.xib; path = ProfileInformationTableViewCell.xib; sourceTree = "<group>"; };
		598B8CD72254BFF80061F03B /* UITableView+Extension.swift */ = {isa = PBXFileReference; lastKnownFileType = sourcecode.swift; path = "UITableView+Extension.swift"; sourceTree = "<group>"; };
		598B8CDA2254C4610061F03B /* ProfileContentCategory.swift */ = {isa = PBXFileReference; lastKnownFileType = sourcecode.swift; path = ProfileContentCategory.swift; sourceTree = "<group>"; };
		59949296225A7FCE00726BF3 /* CalendarViewController.swift */ = {isa = PBXFileReference; lastKnownFileType = sourcecode.swift; path = CalendarViewController.swift; sourceTree = "<group>"; };
		5995BEFC2272D6610078C39A /* EditSectionHeaderTableViewCell.swift */ = {isa = PBXFileReference; lastKnownFileType = sourcecode.swift; name = EditSectionHeaderTableViewCell.swift; path = PlayBand/View/Profile/EditProfile/EditSectionHeaderTableViewCell.swift; sourceTree = SOURCE_ROOT; };
		5995BEFD2272D6610078C39A /* EditSectionHeaderTableViewCell.xib */ = {isa = PBXFileReference; lastKnownFileType = file.xib; name = EditSectionHeaderTableViewCell.xib; path = PlayBand/View/Profile/EditProfile/EditSectionHeaderTableViewCell.xib; sourceTree = SOURCE_ROOT; };
		59A08E962267931B00F405B5 /* UserListDataStruct.swift */ = {isa = PBXFileReference; lastKnownFileType = sourcecode.swift; path = UserListDataStruct.swift; sourceTree = "<group>"; };
		59ABB0212258732B00AE937A /* SettingTableViewCell.swift */ = {isa = PBXFileReference; lastKnownFileType = sourcecode.swift; path = SettingTableViewCell.swift; sourceTree = "<group>"; };
		59ABB0222258732B00AE937A /* SettingTableViewCell.xib */ = {isa = PBXFileReference; lastKnownFileType = file.xib; path = SettingTableViewCell.xib; sourceTree = "<group>"; };
		59ABB025225877C400AE937A /* SettingViewController.swift */ = {isa = PBXFileReference; lastKnownFileType = sourcecode.swift; path = SettingViewController.swift; sourceTree = "<group>"; };
		59ABB028225878C700AE937A /* SettingContentCategory.swift */ = {isa = PBXFileReference; lastKnownFileType = sourcecode.swift; path = SettingContentCategory.swift; sourceTree = "<group>"; };
		59ABB02B2258A89D00AE937A /* SearchStoreViewController.swift */ = {isa = PBXFileReference; lastKnownFileType = sourcecode.swift; path = SearchStoreViewController.swift; sourceTree = "<group>"; };
		59ABB0322258B32B00AE937A /* SearchStoreTableViewCell.swift */ = {isa = PBXFileReference; lastKnownFileType = sourcecode.swift; path = SearchStoreTableViewCell.swift; sourceTree = "<group>"; };
		59ABB0332258B32B00AE937A /* SearchStoreTableViewCell.xib */ = {isa = PBXFileReference; lastKnownFileType = file.xib; path = SearchStoreTableViewCell.xib; sourceTree = "<group>"; };
		59ABB0362259084800AE937A /* StoreDetailViewController.swift */ = {isa = PBXFileReference; lastKnownFileType = sourcecode.swift; path = StoreDetailViewController.swift; sourceTree = "<group>"; };
		59B43E09226ECA5C00598538 /* StoreTitleImageTableViewCell.swift */ = {isa = PBXFileReference; lastKnownFileType = sourcecode.swift; path = StoreTitleImageTableViewCell.swift; sourceTree = "<group>"; };
		59B43E0A226ECA5C00598538 /* StoreTitleImageTableViewCell.xib */ = {isa = PBXFileReference; lastKnownFileType = file.xib; path = StoreTitleImageTableViewCell.xib; sourceTree = "<group>"; };
		59B43E0F226ECAD000598538 /* StoreImageCollectionViewCell.swift */ = {isa = PBXFileReference; lastKnownFileType = sourcecode.swift; path = StoreImageCollectionViewCell.swift; sourceTree = "<group>"; };
		59B43E10226ECAD000598538 /* StoreImageCollectionViewCell.xib */ = {isa = PBXFileReference; lastKnownFileType = file.xib; path = StoreImageCollectionViewCell.xib; sourceTree = "<group>"; };
		59B43E13226ECD4300598538 /* UICollectionVIew+Extension.swift */ = {isa = PBXFileReference; lastKnownFileType = sourcecode.swift; path = "UICollectionVIew+Extension.swift"; sourceTree = "<group>"; };
		59B43E15226EEDF300598538 /* BaseNavigationViewController.swift */ = {isa = PBXFileReference; lastKnownFileType = sourcecode.swift; path = BaseNavigationViewController.swift; sourceTree = "<group>"; };
		59B43E17226F03A300598538 /* UIButton+Extension.swift */ = {isa = PBXFileReference; lastKnownFileType = sourcecode.swift; path = "UIButton+Extension.swift"; sourceTree = "<group>"; };
		59BB3D5D2264AA8D00E46BEE /* BaseEditViewController.swift */ = {isa = PBXFileReference; lastKnownFileType = sourcecode.swift; path = BaseEditViewController.swift; sourceTree = "<group>"; };
		59BB3D5F2264AAAE00E46BEE /* EditPage.storyboard */ = {isa = PBXFileReference; lastKnownFileType = file.storyboard; path = EditPage.storyboard; sourceTree = "<group>"; };
		59BB3D622264AAE800E46BEE /* EditPageTableViewCell.swift */ = {isa = PBXFileReference; lastKnownFileType = sourcecode.swift; path = EditPageTableViewCell.swift; sourceTree = "<group>"; };
		59BB3D632264AAE800E46BEE /* EditPageTableViewCell.xib */ = {isa = PBXFileReference; lastKnownFileType = file.xib; path = EditPageTableViewCell.xib; sourceTree = "<group>"; };
		59D717A822658742009772FC /* UIImageView+Extension.swift */ = {isa = PBXFileReference; lastKnownFileType = sourcecode.swift; path = "UIImageView+Extension.swift"; sourceTree = "<group>"; };
		59D717AA22658B6A009772FC /* StoreDataStruct.swift */ = {isa = PBXFileReference; lastKnownFileType = sourcecode.swift; path = StoreDataStruct.swift; sourceTree = "<group>"; };
		59D717AC2265A8F3009772FC /* ResultEnum.swift */ = {isa = PBXFileReference; lastKnownFileType = sourcecode.swift; path = ResultEnum.swift; sourceTree = "<group>"; };
		59DFF84E22564DEB00273724 /* UILabel+Extension.swift */ = {isa = PBXFileReference; lastKnownFileType = sourcecode.swift; path = "UILabel+Extension.swift"; sourceTree = "<group>"; };
		59DFF8502257409300273724 /* Photo.storyboard */ = {isa = PBXFileReference; lastKnownFileType = file.storyboard; path = Photo.storyboard; sourceTree = "<group>"; };
		59DFF8532257465800273724 /* PhotoViewController.swift */ = {isa = PBXFileReference; lastKnownFileType = sourcecode.swift; path = PhotoViewController.swift; sourceTree = "<group>"; };
		59DFF85522578DAB00273724 /* EditProfileViewController.swift */ = {isa = PBXFileReference; lastKnownFileType = sourcecode.swift; path = EditProfileViewController.swift; sourceTree = "<group>"; };
		59DFF85822578FFD00273724 /* EditTableViewCell.swift */ = {isa = PBXFileReference; lastKnownFileType = sourcecode.swift; path = EditTableViewCell.swift; sourceTree = "<group>"; };
		59DFF85922578FFD00273724 /* EditTableViewCell.xib */ = {isa = PBXFileReference; lastKnownFileType = file.xib; path = EditTableViewCell.xib; sourceTree = "<group>"; };
		59E6FDFD227BFB4400EFAE55 /* NSNotification+Extension.swift */ = {isa = PBXFileReference; lastKnownFileType = sourcecode.swift; path = "NSNotification+Extension.swift"; sourceTree = "<group>"; };
		59E6FDFF227C335300EFAE55 /* AccountError.swift */ = {isa = PBXFileReference; lastKnownFileType = sourcecode.swift; path = AccountError.swift; sourceTree = "<group>"; };
		59E6FE01227C4E9300EFAE55 /* UIAlertAction+Extension.swift */ = {isa = PBXFileReference; lastKnownFileType = sourcecode.swift; path = "UIAlertAction+Extension.swift"; sourceTree = "<group>"; };
		59EED82D2278B193006A52C7 /* EditTableHeaderFooterView.swift */ = {isa = PBXFileReference; lastKnownFileType = sourcecode.swift; path = EditTableHeaderFooterView.swift; sourceTree = "<group>"; };
		59EED82F2278B1F1006A52C7 /* EditTableHeaderFooterView.xib */ = {isa = PBXFileReference; lastKnownFileType = file.xib; path = EditTableHeaderFooterView.xib; sourceTree = "<group>"; };
		59EED8312278B8A9006A52C7 /* BaseStoreDetailViewController.swift */ = {isa = PBXFileReference; lastKnownFileType = sourcecode.swift; path = BaseStoreDetailViewController.swift; sourceTree = "<group>"; };
		59EED8332278BB40006A52C7 /* StoreReviewViewController.swift */ = {isa = PBXFileReference; lastKnownFileType = sourcecode.swift; path = StoreReviewViewController.swift; sourceTree = "<group>"; };
		59F81F8E2254625C00C04E32 /* PBTabBarController.swift */ = {isa = PBXFileReference; lastKnownFileType = sourcecode.swift; path = PBTabBarController.swift; sourceTree = "<group>"; };
		59F81F91225462FD00C04E32 /* UIStoryBoard+Extenstion.swift */ = {isa = PBXFileReference; lastKnownFileType = sourcecode.swift; path = "UIStoryBoard+Extenstion.swift"; sourceTree = "<group>"; };
		59F81F93225463BB00C04E32 /* Profile.storyboard */ = {isa = PBXFileReference; lastKnownFileType = file.storyboard; path = Profile.storyboard; sourceTree = "<group>"; };
		59F81F952254640200C04E32 /* News.storyboard */ = {isa = PBXFileReference; lastKnownFileType = file.storyboard; path = News.storyboard; sourceTree = "<group>"; };
		59F81F972254641400C04E32 /* Booking.storyboard */ = {isa = PBXFileReference; lastKnownFileType = file.storyboard; path = Booking.storyboard; sourceTree = "<group>"; };
		59F81F992254642F00C04E32 /* Message.storyboard */ = {isa = PBXFileReference; lastKnownFileType = file.storyboard; path = Message.storyboard; sourceTree = "<group>"; };
		59F81F9B22547C3A00C04E32 /* UIImage+Extension.swift */ = {isa = PBXFileReference; fileEncoding = 4; lastKnownFileType = sourcecode.swift; path = "UIImage+Extension.swift"; sourceTree = "<group>"; };
		59F81F9E22549FCD00C04E32 /* ProfileViewController.swift */ = {isa = PBXFileReference; lastKnownFileType = sourcecode.swift; path = ProfileViewController.swift; sourceTree = "<group>"; };
		59F81FA02254A3F100C04E32 /* UIView+Extension.swift */ = {isa = PBXFileReference; fileEncoding = 4; lastKnownFileType = sourcecode.swift; path = "UIView+Extension.swift"; sourceTree = "<group>"; };
		59FCFD3822620CAE006402E5 /* Firebase.swift */ = {isa = PBXFileReference; lastKnownFileType = sourcecode.swift; path = Firebase.swift; sourceTree = "<group>"; };
		59FF33CA22701D3F00F8DCAA /* MessageOrderTableViewCell.swift */ = {isa = PBXFileReference; lastKnownFileType = sourcecode.swift; path = MessageOrderTableViewCell.swift; sourceTree = "<group>"; };
		59FF33CB22701D3F00F8DCAA /* MessageOrderTableViewCell.xib */ = {isa = PBXFileReference; lastKnownFileType = file.xib; path = MessageOrderTableViewCell.xib; sourceTree = "<group>"; };
		59FF33CE2270316800F8DCAA /* MessageOrderViewController.swift */ = {isa = PBXFileReference; lastKnownFileType = sourcecode.swift; path = MessageOrderViewController.swift; sourceTree = "<group>"; };
		C291E05659581482F9363EF6 /* Pods-PlayBand.debug.xcconfig */ = {isa = PBXFileReference; includeInIndex = 1; lastKnownFileType = text.xcconfig; name = "Pods-PlayBand.debug.xcconfig"; path = "Target Support Files/Pods-PlayBand/Pods-PlayBand.debug.xcconfig"; sourceTree = "<group>"; };
		CB1175214C85AD46AEC4EF17 /* Pods_PlayBand.framework */ = {isa = PBXFileReference; explicitFileType = wrapper.framework; includeInIndex = 0; path = Pods_PlayBand.framework; sourceTree = BUILT_PRODUCTS_DIR; };
/* End PBXFileReference section */

/* Begin PBXFrameworksBuildPhase section */
		5941D826225359D500FDEEBA /* Frameworks */ = {
			isa = PBXFrameworksBuildPhase;
			buildActionMask = 2147483647;
			files = (
				04EE224A9427F6AF53FCEB53 /* Pods_PlayBand.framework in Frameworks */,
			);
			runOnlyForDeploymentPostprocessing = 0;
		};
/* End PBXFrameworksBuildPhase section */

/* Begin PBXGroup section */
		5907F6992259DE60008BB604 /* Booking */ = {
			isa = PBXGroup;
			children = (
				59207AA4225AF09400B50E7C /* BookingTimeAndRoom.swift */,
				59D717AA22658B6A009772FC /* StoreDataStruct.swift */,
			);
			path = Booking;
			sourceTree = "<group>";
		};
		59207AA1225AE87600B50E7C /* Calendar */ = {
			isa = PBXGroup;
			children = (
				59207AA2225AEC2D00B50E7C /* CalendarTableViewCell.swift */,
			);
			path = Calendar;
			sourceTree = "<group>";
		};
		593774A6227A1698008A05E0 /* SuperManger */ = {
			isa = PBXGroup;
			children = (
				593774A7227A16D6008A05E0 /* SuperMangerCheckStoreViewController.swift */,
				5953668D227A9ADD00502B89 /* SuperMangerStoreConfirmViewController.swift */,
			);
			path = SuperManger;
			sourceTree = "<group>";
		};
		5941D820225359D500FDEEBA = {
			isa = PBXGroup;
			children = (
				5941D82B225359D500FDEEBA /* PlayBand */,
				5941D82A225359D500FDEEBA /* Products */,
				6E3F15B2F76F23D3001D8D73 /* Pods */,
				65305CFD1299762D2983A06F /* Frameworks */,
			);
			sourceTree = "<group>";
		};
		5941D82A225359D500FDEEBA /* Products */ = {
			isa = PBXGroup;
			children = (
				5941D829225359D500FDEEBA /* PlayBand.app */,
			);
			name = Products;
			sourceTree = "<group>";
		};
		5941D82B225359D500FDEEBA /* PlayBand */ = {
			isa = PBXGroup;
			children = (
				59949293225A7D6400726BF3 /* FrameWork */,
				59F81F902254629F00C04E32 /* Extension */,
				59F81F8D22545AC400C04E32 /* Controller */,
				59F81F8C22545ABD00C04E32 /* View */,
				59F81F8B22545AAF00C04E32 /* Model */,
				5941D82C225359D500FDEEBA /* AppDelegate.swift */,
				5941D833225359D600FDEEBA /* Assets.xcassets */,
				592D2136226244300017A746 /* GoogleService-Info.plist */,
				5941D835225359D600FDEEBA /* LaunchScreen.storyboard */,
				5941D838225359D600FDEEBA /* Info.plist */,
			);
			path = PlayBand;
			sourceTree = "<group>";
		};
		594ED6AE226058AE0054CCC9 /* MessageConfirmPage */ = {
			isa = PBXGroup;
			children = (
				594ED6AF226058E90054CCC9 /* MessageConfirmPageTableViewCell.swift */,
				594ED6B0226058E90054CCC9 /* MessageConfirmPageTableViewCell.xib */,
			);
			path = MessageConfirmPage;
			sourceTree = "<group>";
		};
		59530B0B225C793E002F18AB /* Confirm */ = {
			isa = PBXGroup;
			children = (
				59530B0E225C7B58002F18AB /* ConfirmTableViewCell.swift */,
				59530B0F225C7B58002F18AB /* ConfirmTableViewCell.xib */,
				59530B12225C7F92002F18AB /* ConfirmTableViewHeaderView.swift */,
				59530B14225C7FE5002F18AB /* ConfirmTableViewHeaderView.xib */,
				59530B16225C8089002F18AB /* ConfirmTableViewSectionHeaderView.swift */,
				59530B18225C80A0002F18AB /* ConfirmTableViewSectionHeaderView.xib */,
			);
			path = Confirm;
			sourceTree = "<group>";
		};
		59536691227AE68D00502B89 /* EditStore */ = {
			isa = PBXGroup;
			children = (
				59536692227AE70800502B89 /* EditStoreDetailViewController.swift */,
				59536696227AEF8C00502B89 /* EditStoreInfoViewController.swift */,
				595F939C227B4CEB007DA364 /* EditStoreRoomViewController.swift */,
				595F939E227B52AA007DA364 /* EditStorePhotoViewController.swift */,
			);
			path = EditStore;
			sourceTree = "<group>";
		};
		597F044B225EE77400BAAFEE /* SignPage */ = {
			isa = PBXGroup;
			children = (
				597F044C225EE79D00BAAFEE /* SignInViewController.swift */,
				597F044E225F210F00BAAFEE /* SignUpViewController.swift */,
			);
			path = SignPage;
			sourceTree = "<group>";
		};
		597F0450225F267D00BAAFEE /* Message */ = {
			isa = PBXGroup;
			children = (
				59FF33C922701D1500F8DCAA /* MessageOrder */,
				594ED6AE226058AE0054CCC9 /* MessageConfirmPage */,
			);
			path = Message;
			sourceTree = "<group>";
		};
		5980519B225F2D2C002036FD /* Message */ = {
			isa = PBXGroup;
			children = (
				5980519C225F2D45002036FD /* MessageViewController.swift */,
				59FF33CE2270316800F8DCAA /* MessageOrderViewController.swift */,
				5926747E2270C0280050E161 /* MessageOrderDetailViewController.swift */,
				592950322269C4A600FD5DC5 /* MessageCategory.swift */,
			);
			path = Message;
			sourceTree = "<group>";
		};
		59821B3322783FDF00A61B50 /* StoreAdd */ = {
			isa = PBXGroup;
			children = (
				59821B2D227822CA00A61B50 /* StoreMangerViewController.swift */,
				59821B342278402900A61B50 /* AddRoomViewController.swift */,
				59821B3C227867EA00A61B50 /* AddImageViewController.swift */,
				59EED8332278BB40006A52C7 /* StoreReviewViewController.swift */,
			);
			path = StoreAdd;
			sourceTree = "<group>";
		};
		59821B372278416B00A61B50 /* StoreManger */ = {
			isa = PBXGroup;
			children = (
				59821B382278418F00A61B50 /* StoreAddRoomTableViewCell.swift */,
				59821B392278418F00A61B50 /* StoreAddRoomTableViewCell.xib */,
				59821B3E2278705E00A61B50 /* StoreAddImageTableViewCell.swift */,
				59821B3F2278705E00A61B50 /* StoreAddImageTableViewCell.xib */,
			);
			path = StoreManger;
			sourceTree = "<group>";
		};
		598B8CD22254B9140061F03B /* ProfileMain */ = {
			isa = PBXGroup;
			children = (
				5952315B2254AB51008C007F /* ProfileUserPictureImageView.swift */,
				598B8CD32254B9530061F03B /* ProfileInformationTableViewCell.swift */,
				598B8CD42254B9530061F03B /* ProfileInformationTableViewCell.xib */,
			);
			path = ProfileMain;
			sourceTree = "<group>";
		};
		59949293225A7D6400726BF3 /* FrameWork */ = {
			isa = PBXGroup;
			children = (
				593F6E0F2263C5810014219B /* IQKeyboardManager.swift */,
				596662072275D703006DE29F /* JGProgressHUD.swift */,
				596662092275DEE9006DE29F /* MJRefresh.swift */,
			);
			path = FrameWork;
			sourceTree = "<group>";
		};
		59A08E95226792F400F405B5 /* Message */ = {
			isa = PBXGroup;
			children = (
				59A08E962267931B00F405B5 /* UserListDataStruct.swift */,
				5953668F227ACCBD00502B89 /* MessageFetchDataEnum.swift */,
			);
			path = Message;
			sourceTree = "<group>";
		};
		59ABB020225872D100AE937A /* Setting */ = {
			isa = PBXGroup;
			children = (
				59ABB0212258732B00AE937A /* SettingTableViewCell.swift */,
				59ABB0222258732B00AE937A /* SettingTableViewCell.xib */,
			);
			path = Setting;
			sourceTree = "<group>";
		};
		59ABB027225878A700AE937A /* Profile */ = {
			isa = PBXGroup;
			children = (
				594CAA89226395F5009A0921 /* UserDataStruct.swift */,
				59483D7B22684F3C00FD211E /* ProfileEnum.swift */,
				593774A9227A1846008A05E0 /* StoreApplyData.swift */,
			);
			path = Profile;
			sourceTree = "<group>";
		};
		59ABB02A2258A83900AE937A /* Booking */ = {
			isa = PBXGroup;
			children = (
				5907F69A2259E2BD008BB604 /* StoreContentCategory.swift */,
				59ABB02B2258A89D00AE937A /* SearchStoreViewController.swift */,
				59ABB0362259084800AE937A /* StoreDetailViewController.swift */,
				59949296225A7FCE00726BF3 /* CalendarViewController.swift */,
				59530B0C225C79EB002F18AB /* ConfirmViewController.swift */,
			);
			path = Booking;
			sourceTree = "<group>";
		};
		59ABB0312258B25C00AE937A /* Booking */ = {
			isa = PBXGroup;
			children = (
				59530B0B225C793E002F18AB /* Confirm */,
				59207AA1225AE87600B50E7C /* Calendar */,
				59ABB03B225910D200AE937A /* StoreDetail */,
				59ABB03A225910BB00AE937A /* SearchStore */,
			);
			path = Booking;
			sourceTree = "<group>";
		};
		59ABB03A225910BB00AE937A /* SearchStore */ = {
			isa = PBXGroup;
			children = (
				59ABB0322258B32B00AE937A /* SearchStoreTableViewCell.swift */,
				59ABB0332258B32B00AE937A /* SearchStoreTableViewCell.xib */,
			);
			path = SearchStore;
			sourceTree = "<group>";
		};
		59ABB03B225910D200AE937A /* StoreDetail */ = {
			isa = PBXGroup;
			children = (
				5907F6952259DE3C008BB604 /* StoreDescriptionTableViewCell.swift */,
				5907F6962259DE3C008BB604 /* StoreDescriptionTableViewCell.xib */,
				59B43E09226ECA5C00598538 /* StoreTitleImageTableViewCell.swift */,
				59B43E0A226ECA5C00598538 /* StoreTitleImageTableViewCell.xib */,
				59B43E0F226ECAD000598538 /* StoreImageCollectionViewCell.swift */,
				59B43E10226ECAD000598538 /* StoreImageCollectionViewCell.xib */,
			);
			path = StoreDetail;
			sourceTree = "<group>";
		};
		59BB3D612264AABF00E46BEE /* EditPage */ = {
			isa = PBXGroup;
			children = (
				59BB3D622264AAE800E46BEE /* EditPageTableViewCell.swift */,
				59BB3D632264AAE800E46BEE /* EditPageTableViewCell.xib */,
				5995BEFC2272D6610078C39A /* EditSectionHeaderTableViewCell.swift */,
				5995BEFD2272D6610078C39A /* EditSectionHeaderTableViewCell.xib */,
				59EED82D2278B193006A52C7 /* EditTableHeaderFooterView.swift */,
				59EED82F2278B1F1006A52C7 /* EditTableHeaderFooterView.xib */,
			);
			path = EditPage;
			sourceTree = "<group>";
		};
		59DFF8522257463D00273724 /* Photo */ = {
			isa = PBXGroup;
			children = (
				59DFF8532257465800273724 /* PhotoViewController.swift */,
			);
			path = Photo;
			sourceTree = "<group>";
		};
		59DFF85722578FBF00273724 /* EditProfile */ = {
			isa = PBXGroup;
			children = (
				59DFF85822578FFD00273724 /* EditTableViewCell.swift */,
				59DFF85922578FFD00273724 /* EditTableViewCell.xib */,
			);
			path = EditProfile;
			sourceTree = "<group>";
		};
		59F81F8B22545AAF00C04E32 /* Model */ = {
			isa = PBXGroup;
			children = (
				59A08E95226792F400F405B5 /* Message */,
				5907F6992259DE60008BB604 /* Booking */,
				59ABB027225878A700AE937A /* Profile */,
				59FCFD3822620CAE006402E5 /* Firebase.swift */,
				593B4FF6226B18A10069F24F /* FirebaseMangerExtension.swift */,
				5929502E2269A1EA00FD5DC5 /* FirebaseEnum.swift */,
				592950302269A24F00FD5DC5 /* DataTransform.swift */,
				59D717AC2265A8F3009772FC /* ResultEnum.swift */,
				5925E44422793F8200EB7C19 /* ErrorMessageEnum.swift */,
				59536698227AF25E00502B89 /* CheckTextFieldText.swift */,
				59E6FDFF227C335300EFAE55 /* AccountError.swift */,
			);
			path = Model;
			sourceTree = "<group>";
		};
		59F81F8C22545ABD00C04E32 /* View */ = {
			isa = PBXGroup;
			children = (
				597F0450225F267D00BAAFEE /* Message */,
				59ABB0312258B25C00AE937A /* Booking */,
				59BB3D612264AABF00E46BEE /* EditPage */,
				59F81FA52254A6C800C04E32 /* Profile */,
				59F81F93225463BB00C04E32 /* Profile.storyboard */,
				5941D830225359D500FDEEBA /* Main.storyboard */,
				59F81F952254640200C04E32 /* News.storyboard */,
				59F81F972254641400C04E32 /* Booking.storyboard */,
				59F81F992254642F00C04E32 /* Message.storyboard */,
				59DFF8502257409300273724 /* Photo.storyboard */,
				597F0449225EDDD600BAAFEE /* SignIn.storyboard */,
				59BB3D5F2264AAAE00E46BEE /* EditPage.storyboard */,
				5933CBBF2275A3A300E0C114 /* NoDataView.swift */,
			);
			path = View;
			sourceTree = "<group>";
		};
		59F81F8D22545AC400C04E32 /* Controller */ = {
			isa = PBXGroup;
			children = (
				5980519B225F2D2C002036FD /* Message */,
				597F044B225EE77400BAAFEE /* SignPage */,
				59ABB02A2258A83900AE937A /* Booking */,
				59DFF8522257463D00273724 /* Photo */,
				59F81F9D22549FBA00C04E32 /* Profile */,
				59F81F8E2254625C00C04E32 /* PBTabBarController.swift */,
				59BB3D5D2264AA8D00E46BEE /* BaseEditViewController.swift */,
				59B43E15226EEDF300598538 /* BaseNavigationViewController.swift */,
				59EED8312278B8A9006A52C7 /* BaseStoreDetailViewController.swift */,
				593774A4227A13CE008A05E0 /* BaseStoresViewController.swift */,
			);
			path = Controller;
			sourceTree = "<group>";
		};
		59F81F902254629F00C04E32 /* Extension */ = {
			isa = PBXGroup;
			children = (
				59F81F9B22547C3A00C04E32 /* UIImage+Extension.swift */,
				59F81F91225462FD00C04E32 /* UIStoryBoard+Extenstion.swift */,
				59F81FA02254A3F100C04E32 /* UIView+Extension.swift */,
				598B8CD72254BFF80061F03B /* UITableView+Extension.swift */,
				59DFF84E22564DEB00273724 /* UILabel+Extension.swift */,
				59D717A822658742009772FC /* UIImageView+Extension.swift */,
				5959C805226DA1C300AA62AD /* UIColor+Extension.swift */,
				59B43E13226ECD4300598538 /* UICollectionVIew+Extension.swift */,
				59B43E17226F03A300598538 /* UIButton+Extension.swift */,
				59852EAD226F630E00D1D7EE /* CALayer+Extension.swift */,
				5933CBBD2274774600E0C114 /* UIViewController+Extension.swift */,
				59E6FDFD227BFB4400EFAE55 /* NSNotification+Extension.swift */,
				59E6FE01227C4E9300EFAE55 /* UIAlertAction+Extension.swift */,
			);
			path = Extension;
			sourceTree = "<group>";
		};
		59F81F9D22549FBA00C04E32 /* Profile */ = {
			isa = PBXGroup;
			children = (
				59536691227AE68D00502B89 /* EditStore */,
				593774A6227A1698008A05E0 /* SuperManger */,
				59821B3322783FDF00A61B50 /* StoreAdd */,
				59F81F9E22549FCD00C04E32 /* ProfileViewController.swift */,
				598B8CDA2254C4610061F03B /* ProfileContentCategory.swift */,
				59DFF85522578DAB00273724 /* EditProfileViewController.swift */,
				59ABB025225877C400AE937A /* SettingViewController.swift */,
				59483D792268488A00FD211E /* PasswordChangeViewController.swift */,
				59ABB028225878C700AE937A /* SettingContentCategory.swift */,
				59821B3122782B3700A61B50 /* StoreApplyContentCategory.swift */,
				591E36C0227D9A91008F483E /* BlackListViewController.swift */,
			);
			path = Profile;
			sourceTree = "<group>";
		};
		59F81FA52254A6C800C04E32 /* Profile */ = {
			isa = PBXGroup;
			children = (
				59821B372278416B00A61B50 /* StoreManger */,
				59ABB020225872D100AE937A /* Setting */,
				59DFF85722578FBF00273724 /* EditProfile */,
				598B8CD22254B9140061F03B /* ProfileMain */,
			);
			path = Profile;
			sourceTree = "<group>";
		};
		59FF33C922701D1500F8DCAA /* MessageOrder */ = {
			isa = PBXGroup;
			children = (
				59FF33CA22701D3F00F8DCAA /* MessageOrderTableViewCell.swift */,
				59FF33CB22701D3F00F8DCAA /* MessageOrderTableViewCell.xib */,
				592674812270D8A60050E161 /* MessageDetailTableViewCell.swift */,
				592674822270D8A60050E161 /* MessageDetailTableViewCell.xib */,
				592FF2D62272271000872A17 /* MessageImageTableViewCell.swift */,
				592FF2D72272271000872A17 /* MessageImageTableViewCell.xib */,
			);
			path = MessageOrder;
			sourceTree = "<group>";
		};
		65305CFD1299762D2983A06F /* Frameworks */ = {
			isa = PBXGroup;
			children = (
				CB1175214C85AD46AEC4EF17 /* Pods_PlayBand.framework */,
			);
			name = Frameworks;
			sourceTree = "<group>";
		};
		6E3F15B2F76F23D3001D8D73 /* Pods */ = {
			isa = PBXGroup;
			children = (
				C291E05659581482F9363EF6 /* Pods-PlayBand.debug.xcconfig */,
				4DC66BA7995D6F264BD1A145 /* Pods-PlayBand.release.xcconfig */,
			);
			path = Pods;
			sourceTree = "<group>";
		};
/* End PBXGroup section */

/* Begin PBXNativeTarget section */
		5941D828225359D500FDEEBA /* PlayBand */ = {
			isa = PBXNativeTarget;
			buildConfigurationList = 5941D83B225359D600FDEEBA /* Build configuration list for PBXNativeTarget "PlayBand" */;
			buildPhases = (
				C109DB257FF332B7B1C1507C /* [CP] Check Pods Manifest.lock */,
				5941D825225359D500FDEEBA /* Sources */,
				5941D826225359D500FDEEBA /* Frameworks */,
				5941D827225359D500FDEEBA /* Resources */,
				7D941A20224A3869354EEFDF /* [CP] Embed Pods Frameworks */,
				59FF19D3225C993800934EE2 /* SwiftLint */,
				59EBF2D12276C24F00FD8623 /* ShellScript */,
			);
			buildRules = (
			);
			dependencies = (
			);
			name = PlayBand;
			productName = PlayBand;
			productReference = 5941D829225359D500FDEEBA /* PlayBand.app */;
			productType = "com.apple.product-type.application";
		};
/* End PBXNativeTarget section */

/* Begin PBXProject section */
		5941D821225359D500FDEEBA /* Project object */ = {
			isa = PBXProject;
			attributes = {
				LastSwiftUpdateCheck = 1020;
				LastUpgradeCheck = 1020;
				ORGANIZATIONNAME = "姜旦旦";
				TargetAttributes = {
					5941D828225359D500FDEEBA = {
						CreatedOnToolsVersion = 10.2;
					};
				};
			};
			buildConfigurationList = 5941D824225359D500FDEEBA /* Build configuration list for PBXProject "PlayBand" */;
			compatibilityVersion = "Xcode 9.3";
			developmentRegion = en;
			hasScannedForEncodings = 0;
			knownRegions = (
				en,
				Base,
			);
			mainGroup = 5941D820225359D500FDEEBA;
			productRefGroup = 5941D82A225359D500FDEEBA /* Products */;
			projectDirPath = "";
			projectRoot = "";
			targets = (
				5941D828225359D500FDEEBA /* PlayBand */,
			);
		};
/* End PBXProject section */

/* Begin PBXResourcesBuildPhase section */
		5941D827225359D500FDEEBA /* Resources */ = {
			isa = PBXResourcesBuildPhase;
			buildActionMask = 2147483647;
			files = (
				5941D837225359D600FDEEBA /* LaunchScreen.storyboard in Resources */,
				59BB3D602264AAAE00E46BEE /* EditPage.storyboard in Resources */,
				5941D834225359D600FDEEBA /* Assets.xcassets in Resources */,
				59DFF8512257409300273724 /* Photo.storyboard in Resources */,
				59ABB0242258732B00AE937A /* SettingTableViewCell.xib in Resources */,
				597F044A225EDDD600BAAFEE /* SignIn.storyboard in Resources */,
				59821B3B2278418F00A61B50 /* StoreAddRoomTableViewCell.xib in Resources */,
				5907F6982259DE3C008BB604 /* StoreDescriptionTableViewCell.xib in Resources */,
				594ED6B2226058E90054CCC9 /* MessageConfirmPageTableViewCell.xib in Resources */,
				59530B15225C7FE5002F18AB /* ConfirmTableViewHeaderView.xib in Resources */,
				59821B412278705E00A61B50 /* StoreAddImageTableViewCell.xib in Resources */,
				592FF2D92272271000872A17 /* MessageImageTableViewCell.xib in Resources */,
				59B43E0C226ECA5C00598538 /* StoreTitleImageTableViewCell.xib in Resources */,
				59F81F982254641400C04E32 /* Booking.storyboard in Resources */,
				59530B19225C80A0002F18AB /* ConfirmTableViewSectionHeaderView.xib in Resources */,
				592674842270D8A60050E161 /* MessageDetailTableViewCell.xib in Resources */,
				59F81F962254640200C04E32 /* News.storyboard in Resources */,
				59530B11225C7B58002F18AB /* ConfirmTableViewCell.xib in Resources */,
				59DFF85B22578FFD00273724 /* EditTableViewCell.xib in Resources */,
				59BB3D652264AAE800E46BEE /* EditPageTableViewCell.xib in Resources */,
				5995BEFF2272D6610078C39A /* EditSectionHeaderTableViewCell.xib in Resources */,
				59FF33CD22701D3F00F8DCAA /* MessageOrderTableViewCell.xib in Resources */,
				59ABB0352258B32B00AE937A /* SearchStoreTableViewCell.xib in Resources */,
				59F81F94225463BB00C04E32 /* Profile.storyboard in Resources */,
				5941D832225359D500FDEEBA /* Main.storyboard in Resources */,
				592D2137226244300017A746 /* GoogleService-Info.plist in Resources */,
				598B8CD62254B9530061F03B /* ProfileInformationTableViewCell.xib in Resources */,
				59B43E12226ECAD000598538 /* StoreImageCollectionViewCell.xib in Resources */,
				59F81F9A2254642F00C04E32 /* Message.storyboard in Resources */,
				59EED8302278B1F1006A52C7 /* EditTableHeaderFooterView.xib in Resources */,
			);
			runOnlyForDeploymentPostprocessing = 0;
		};
/* End PBXResourcesBuildPhase section */

/* Begin PBXShellScriptBuildPhase section */
		59EBF2D12276C24F00FD8623 /* ShellScript */ = {
			isa = PBXShellScriptBuildPhase;
			buildActionMask = 2147483647;
			files = (
			);
			inputFileListPaths = (
			);
			inputPaths = (
				PlayBand/Info.plist,
			);
			outputFileListPaths = (
			);
			outputPaths = (
			);
			runOnlyForDeploymentPostprocessing = 0;
			shellPath = /bin/sh;
			shellScript = "\"${PODS_ROOT}/Fabric/run\"\n";
		};
		59FF19D3225C993800934EE2 /* SwiftLint */ = {
			isa = PBXShellScriptBuildPhase;
			buildActionMask = 2147483647;
			files = (
			);
			inputFileListPaths = (
			);
			inputPaths = (
			);
			name = SwiftLint;
			outputFileListPaths = (
			);
			outputPaths = (
			);
			runOnlyForDeploymentPostprocessing = 0;
			shellPath = /bin/sh;
			shellScript = "\"${PODS_ROOT}/SwiftLint/swiftlint\"\n";
		};
		7D941A20224A3869354EEFDF /* [CP] Embed Pods Frameworks */ = {
			isa = PBXShellScriptBuildPhase;
			buildActionMask = 2147483647;
			files = (
			);
			inputFileListPaths = (
			);
			inputPaths = (
				"${PODS_ROOT}/Target Support Files/Pods-PlayBand/Pods-PlayBand-frameworks.sh",
				"${BUILT_PRODUCTS_DIR}/BoringSSL-GRPC/openssl_grpc.framework",
				"${BUILT_PRODUCTS_DIR}/GTMSessionFetcher/GTMSessionFetcher.framework",
				"${BUILT_PRODUCTS_DIR}/GoogleUtilities/GoogleUtilities.framework",
				"${BUILT_PRODUCTS_DIR}/IQKeyboardManagerSwift/IQKeyboardManagerSwift.framework",
				"${BUILT_PRODUCTS_DIR}/JGProgressHUD/JGProgressHUD.framework",
				"${BUILT_PRODUCTS_DIR}/JKCalendar/JKCalendar.framework",
				"${BUILT_PRODUCTS_DIR}/JKInfinitePageView/JKInfinitePageView.framework",
				"${BUILT_PRODUCTS_DIR}/Kingfisher/Kingfisher.framework",
				"${BUILT_PRODUCTS_DIR}/MJRefresh/MJRefresh.framework",
				"${BUILT_PRODUCTS_DIR}/Protobuf/Protobuf.framework",
				"${BUILT_PRODUCTS_DIR}/gRPC-C++/grpcpp.framework",
				"${BUILT_PRODUCTS_DIR}/gRPC-Core/grpc.framework",
				"${BUILT_PRODUCTS_DIR}/leveldb-library/leveldb.framework",
				"${BUILT_PRODUCTS_DIR}/nanopb/nanopb.framework",
			);
			name = "[CP] Embed Pods Frameworks";
			outputFileListPaths = (
			);
			outputPaths = (
				"${TARGET_BUILD_DIR}/${FRAMEWORKS_FOLDER_PATH}/openssl_grpc.framework",
				"${TARGET_BUILD_DIR}/${FRAMEWORKS_FOLDER_PATH}/GTMSessionFetcher.framework",
				"${TARGET_BUILD_DIR}/${FRAMEWORKS_FOLDER_PATH}/GoogleUtilities.framework",
				"${TARGET_BUILD_DIR}/${FRAMEWORKS_FOLDER_PATH}/IQKeyboardManagerSwift.framework",
				"${TARGET_BUILD_DIR}/${FRAMEWORKS_FOLDER_PATH}/JGProgressHUD.framework",
				"${TARGET_BUILD_DIR}/${FRAMEWORKS_FOLDER_PATH}/JKCalendar.framework",
				"${TARGET_BUILD_DIR}/${FRAMEWORKS_FOLDER_PATH}/JKInfinitePageView.framework",
				"${TARGET_BUILD_DIR}/${FRAMEWORKS_FOLDER_PATH}/Kingfisher.framework",
				"${TARGET_BUILD_DIR}/${FRAMEWORKS_FOLDER_PATH}/MJRefresh.framework",
				"${TARGET_BUILD_DIR}/${FRAMEWORKS_FOLDER_PATH}/Protobuf.framework",
				"${TARGET_BUILD_DIR}/${FRAMEWORKS_FOLDER_PATH}/grpcpp.framework",
				"${TARGET_BUILD_DIR}/${FRAMEWORKS_FOLDER_PATH}/grpc.framework",
				"${TARGET_BUILD_DIR}/${FRAMEWORKS_FOLDER_PATH}/leveldb.framework",
				"${TARGET_BUILD_DIR}/${FRAMEWORKS_FOLDER_PATH}/nanopb.framework",
			);
			runOnlyForDeploymentPostprocessing = 0;
			shellPath = /bin/sh;
			shellScript = "\"${PODS_ROOT}/Target Support Files/Pods-PlayBand/Pods-PlayBand-frameworks.sh\"\n";
			showEnvVarsInLog = 0;
		};
		C109DB257FF332B7B1C1507C /* [CP] Check Pods Manifest.lock */ = {
			isa = PBXShellScriptBuildPhase;
			buildActionMask = 2147483647;
			files = (
			);
			inputFileListPaths = (
			);
			inputPaths = (
				"${PODS_PODFILE_DIR_PATH}/Podfile.lock",
				"${PODS_ROOT}/Manifest.lock",
			);
			name = "[CP] Check Pods Manifest.lock";
			outputFileListPaths = (
			);
			outputPaths = (
				"$(DERIVED_FILE_DIR)/Pods-PlayBand-checkManifestLockResult.txt",
			);
			runOnlyForDeploymentPostprocessing = 0;
			shellPath = /bin/sh;
			shellScript = "diff \"${PODS_PODFILE_DIR_PATH}/Podfile.lock\" \"${PODS_ROOT}/Manifest.lock\" > /dev/null\nif [ $? != 0 ] ; then\n    # print error to STDERR\n    echo \"error: The sandbox is not in sync with the Podfile.lock. Run 'pod install' or update your CocoaPods installation.\" >&2\n    exit 1\nfi\n# This output is used by Xcode 'outputs' to avoid re-running this script phase.\necho \"SUCCESS\" > \"${SCRIPT_OUTPUT_FILE_0}\"\n";
			showEnvVarsInLog = 0;
		};
/* End PBXShellScriptBuildPhase section */

/* Begin PBXSourcesBuildPhase section */
		5941D825225359D500FDEEBA /* Sources */ = {
			isa = PBXSourcesBuildPhase;
			buildActionMask = 2147483647;
			files = (
				59EED8342278BB40006A52C7 /* StoreReviewViewController.swift in Sources */,
				597F044F225F210F00BAAFEE /* SignUpViewController.swift in Sources */,
				5907F6972259DE3C008BB604 /* StoreDescriptionTableViewCell.swift in Sources */,
				59DFF85622578DAB00273724 /* EditProfileViewController.swift in Sources */,
				59B43E16226EEDF300598538 /* BaseNavigationViewController.swift in Sources */,
				59483D7C22684F3C00FD211E /* ProfileEnum.swift in Sources */,
				59D717A922658742009772FC /* UIImageView+Extension.swift in Sources */,
				59B43E11226ECAD000598538 /* StoreImageCollectionViewCell.swift in Sources */,
				59DFF84F22564DEB00273724 /* UILabel+Extension.swift in Sources */,
				5959C806226DA1C300AA62AD /* UIColor+Extension.swift in Sources */,
				59ABB0342258B32B00AE937A /* SearchStoreTableViewCell.swift in Sources */,
				59E6FE02227C4E9300EFAE55 /* UIAlertAction+Extension.swift in Sources */,
				59E6FE00227C335300EFAE55 /* AccountError.swift in Sources */,
				59B43E0B226ECA5C00598538 /* StoreTitleImageTableViewCell.swift in Sources */,
				59536693227AE70800502B89 /* EditStoreDetailViewController.swift in Sources */,
				593F6E102263C5810014219B /* IQKeyboardManager.swift in Sources */,
				59207AA5225AF09400B50E7C /* BookingTimeAndRoom.swift in Sources */,
				5952315C2254AB51008C007F /* ProfileUserPictureImageView.swift in Sources */,
				59BB3D5E2264AA8D00E46BEE /* BaseEditViewController.swift in Sources */,
				59207AA3225AEC2D00B50E7C /* CalendarTableViewCell.swift in Sources */,
				59FCFD3922620CAE006402E5 /* Firebase.swift in Sources */,
				591E36C1227D9A91008F483E /* BlackListViewController.swift in Sources */,
				59949297225A7FCE00726BF3 /* CalendarViewController.swift in Sources */,
				59821B352278402900A61B50 /* AddRoomViewController.swift in Sources */,
				5925E44522793F8200EB7C19 /* ErrorMessageEnum.swift in Sources */,
				593774A8227A16D6008A05E0 /* SuperMangerCheckStoreViewController.swift in Sources */,
				59ABB026225877C400AE937A /* SettingViewController.swift in Sources */,
				59EED8322278B8A9006A52C7 /* BaseStoreDetailViewController.swift in Sources */,
				598B8CDB2254C4610061F03B /* ProfileContentCategory.swift in Sources */,
				593B4FF7226B18A10069F24F /* FirebaseMangerExtension.swift in Sources */,
				592950312269A24F00FD5DC5 /* DataTransform.swift in Sources */,
				59F81FA12254A3F200C04E32 /* UIView+Extension.swift in Sources */,
				59821B402278705E00A61B50 /* StoreAddImageTableViewCell.swift in Sources */,
				59536699227AF25E00502B89 /* CheckTextFieldText.swift in Sources */,
				59FF33CC22701D3F00F8DCAA /* MessageOrderTableViewCell.swift in Sources */,
				59536697227AEF8C00502B89 /* EditStoreInfoViewController.swift in Sources */,
				598B8CD82254BFF80061F03B /* UITableView+Extension.swift in Sources */,
				59ABB0232258732B00AE937A /* SettingTableViewCell.swift in Sources */,
				59ABB029225878C700AE937A /* SettingContentCategory.swift in Sources */,
				5933CBBE2274774600E0C114 /* UIViewController+Extension.swift in Sources */,
				592674832270D8A60050E161 /* MessageDetailTableViewCell.swift in Sources */,
				59DFF8542257465800273724 /* PhotoViewController.swift in Sources */,
				595F939F227B52AA007DA364 /* EditStorePhotoViewController.swift in Sources */,
				5907F69B2259E2BD008BB604 /* StoreContentCategory.swift in Sources */,
				59ABB02C2258A89D00AE937A /* SearchStoreViewController.swift in Sources */,
				598B8CD52254B9530061F03B /* ProfileInformationTableViewCell.swift in Sources */,
				592FF2D82272271000872A17 /* MessageImageTableViewCell.swift in Sources */,
				59F81F92225462FD00C04E32 /* UIStoryBoard+Extenstion.swift in Sources */,
				596662082275D703006DE29F /* JGProgressHUD.swift in Sources */,
				59530B0D225C79EB002F18AB /* ConfirmViewController.swift in Sources */,
				5941D82D225359D500FDEEBA /* AppDelegate.swift in Sources */,
				59530B10225C7B58002F18AB /* ConfirmTableViewCell.swift in Sources */,
				59D717AD2265A8F3009772FC /* ResultEnum.swift in Sources */,
				593774AA227A1846008A05E0 /* StoreApplyData.swift in Sources */,
				59F81F9F22549FCD00C04E32 /* ProfileViewController.swift in Sources */,
				5933CBC02275A3A300E0C114 /* NoDataView.swift in Sources */,
				59D717AB22658B6A009772FC /* StoreDataStruct.swift in Sources */,
				59EED82E2278B193006A52C7 /* EditTableHeaderFooterView.swift in Sources */,
				593774A5227A13CE008A05E0 /* BaseStoresViewController.swift in Sources */,
				59530B13225C7F92002F18AB /* ConfirmTableViewHeaderView.swift in Sources */,
				59F81F8F2254625C00C04E32 /* PBTabBarController.swift in Sources */,
				59483D7A2268488A00FD211E /* PasswordChangeViewController.swift in Sources */,
				59ABB0382259084800AE937A /* StoreDetailViewController.swift in Sources */,
				59B43E14226ECD4300598538 /* UICollectionVIew+Extension.swift in Sources */,
				5953668E227A9ADD00502B89 /* SuperMangerStoreConfirmViewController.swift in Sources */,
				59B43E18226F03A300598538 /* UIButton+Extension.swift in Sources */,
				5926747F2270C0280050E161 /* MessageOrderDetailViewController.swift in Sources */,
				597F044D225EE79D00BAAFEE /* SignInViewController.swift in Sources */,
				59530B17225C8089002F18AB /* ConfirmTableViewSectionHeaderView.swift in Sources */,
				59F81F9C22547C3A00C04E32 /* UIImage+Extension.swift in Sources */,
				59E6FDFE227BFB4400EFAE55 /* NSNotification+Extension.swift in Sources */,
				59536690227ACCBD00502B89 /* MessageFetchDataEnum.swift in Sources */,
				59FF33CF2270316800F8DCAA /* MessageOrderViewController.swift in Sources */,
				5995BEFE2272D6610078C39A /* EditSectionHeaderTableViewCell.swift in Sources */,
				5966620A2275DEE9006DE29F /* MJRefresh.swift in Sources */,
				59BB3D642264AAE800E46BEE /* EditPageTableViewCell.swift in Sources */,
				592950332269C4A600FD5DC5 /* MessageCategory.swift in Sources */,
				59852EAE226F630E00D1D7EE /* CALayer+Extension.swift in Sources */,
				59A08E972267931B00F405B5 /* UserListDataStruct.swift in Sources */,
				59821B3A2278418F00A61B50 /* StoreAddRoomTableViewCell.swift in Sources */,
				594CAA8A226395F5009A0921 /* UserDataStruct.swift in Sources */,
				59821B3D227867EA00A61B50 /* AddImageViewController.swift in Sources */,
				59DFF85A22578FFD00273724 /* EditTableViewCell.swift in Sources */,
				5929502F2269A1EA00FD5DC5 /* FirebaseEnum.swift in Sources */,
				595F939D227B4CEB007DA364 /* EditStoreRoomViewController.swift in Sources */,
				59821B2E227822CA00A61B50 /* StoreMangerViewController.swift in Sources */,
				5980519D225F2D45002036FD /* MessageViewController.swift in Sources */,
				59821B3222782B3700A61B50 /* StoreApplyContentCategory.swift in Sources */,
				594ED6B1226058E90054CCC9 /* MessageConfirmPageTableViewCell.swift in Sources */,
			);
			runOnlyForDeploymentPostprocessing = 0;
		};
/* End PBXSourcesBuildPhase section */

/* Begin PBXVariantGroup section */
		5941D830225359D500FDEEBA /* Main.storyboard */ = {
			isa = PBXVariantGroup;
			children = (
				5941D831225359D500FDEEBA /* Base */,
			);
			name = Main.storyboard;
			sourceTree = "<group>";
		};
		5941D835225359D600FDEEBA /* LaunchScreen.storyboard */ = {
			isa = PBXVariantGroup;
			children = (
				5941D836225359D600FDEEBA /* Base */,
			);
			name = LaunchScreen.storyboard;
			sourceTree = "<group>";
		};
/* End PBXVariantGroup section */

/* Begin XCBuildConfiguration section */
		5941D839225359D600FDEEBA /* Debug */ = {
			isa = XCBuildConfiguration;
			buildSettings = {
				ALWAYS_SEARCH_USER_PATHS = NO;
				CLANG_ANALYZER_NONNULL = YES;
				CLANG_ANALYZER_NUMBER_OBJECT_CONVERSION = YES_AGGRESSIVE;
				CLANG_CXX_LANGUAGE_STANDARD = "gnu++14";
				CLANG_CXX_LIBRARY = "libc++";
				CLANG_ENABLE_MODULES = YES;
				CLANG_ENABLE_OBJC_ARC = YES;
				CLANG_ENABLE_OBJC_WEAK = YES;
				CLANG_WARN_BLOCK_CAPTURE_AUTORELEASING = YES;
				CLANG_WARN_BOOL_CONVERSION = YES;
				CLANG_WARN_COMMA = YES;
				CLANG_WARN_CONSTANT_CONVERSION = YES;
				CLANG_WARN_DEPRECATED_OBJC_IMPLEMENTATIONS = YES;
				CLANG_WARN_DIRECT_OBJC_ISA_USAGE = YES_ERROR;
				CLANG_WARN_DOCUMENTATION_COMMENTS = YES;
				CLANG_WARN_EMPTY_BODY = YES;
				CLANG_WARN_ENUM_CONVERSION = YES;
				CLANG_WARN_INFINITE_RECURSION = YES;
				CLANG_WARN_INT_CONVERSION = YES;
				CLANG_WARN_NON_LITERAL_NULL_CONVERSION = YES;
				CLANG_WARN_OBJC_IMPLICIT_RETAIN_SELF = YES;
				CLANG_WARN_OBJC_LITERAL_CONVERSION = YES;
				CLANG_WARN_OBJC_ROOT_CLASS = YES_ERROR;
				CLANG_WARN_RANGE_LOOP_ANALYSIS = YES;
				CLANG_WARN_STRICT_PROTOTYPES = YES;
				CLANG_WARN_SUSPICIOUS_MOVE = YES;
				CLANG_WARN_UNGUARDED_AVAILABILITY = YES_AGGRESSIVE;
				CLANG_WARN_UNREACHABLE_CODE = YES;
				CLANG_WARN__DUPLICATE_METHOD_MATCH = YES;
				CODE_SIGN_IDENTITY = "iPhone Developer";
				COPY_PHASE_STRIP = NO;
				DEBUG_INFORMATION_FORMAT = "dwarf-with-dsym";
				ENABLE_STRICT_OBJC_MSGSEND = YES;
				ENABLE_TESTABILITY = YES;
				GCC_C_LANGUAGE_STANDARD = gnu11;
				GCC_DYNAMIC_NO_PIC = NO;
				GCC_NO_COMMON_BLOCKS = YES;
				GCC_OPTIMIZATION_LEVEL = 0;
				GCC_PREPROCESSOR_DEFINITIONS = (
					"DEBUG=1",
					"$(inherited)",
				);
				GCC_WARN_64_TO_32_BIT_CONVERSION = YES;
				GCC_WARN_ABOUT_RETURN_TYPE = YES_ERROR;
				GCC_WARN_UNDECLARED_SELECTOR = YES;
				GCC_WARN_UNINITIALIZED_AUTOS = YES_AGGRESSIVE;
				GCC_WARN_UNUSED_FUNCTION = YES;
				GCC_WARN_UNUSED_VARIABLE = YES;
				IPHONEOS_DEPLOYMENT_TARGET = 12.2;
				MTL_ENABLE_DEBUG_INFO = INCLUDE_SOURCE;
				MTL_FAST_MATH = YES;
				ONLY_ACTIVE_ARCH = YES;
				SDKROOT = iphoneos;
				SWIFT_ACTIVE_COMPILATION_CONDITIONS = DEBUG;
				SWIFT_OPTIMIZATION_LEVEL = "-Onone";
			};
			name = Debug;
		};
		5941D83A225359D600FDEEBA /* Release */ = {
			isa = XCBuildConfiguration;
			buildSettings = {
				ALWAYS_SEARCH_USER_PATHS = NO;
				CLANG_ANALYZER_NONNULL = YES;
				CLANG_ANALYZER_NUMBER_OBJECT_CONVERSION = YES_AGGRESSIVE;
				CLANG_CXX_LANGUAGE_STANDARD = "gnu++14";
				CLANG_CXX_LIBRARY = "libc++";
				CLANG_ENABLE_MODULES = YES;
				CLANG_ENABLE_OBJC_ARC = YES;
				CLANG_ENABLE_OBJC_WEAK = YES;
				CLANG_WARN_BLOCK_CAPTURE_AUTORELEASING = YES;
				CLANG_WARN_BOOL_CONVERSION = YES;
				CLANG_WARN_COMMA = YES;
				CLANG_WARN_CONSTANT_CONVERSION = YES;
				CLANG_WARN_DEPRECATED_OBJC_IMPLEMENTATIONS = YES;
				CLANG_WARN_DIRECT_OBJC_ISA_USAGE = YES_ERROR;
				CLANG_WARN_DOCUMENTATION_COMMENTS = YES;
				CLANG_WARN_EMPTY_BODY = YES;
				CLANG_WARN_ENUM_CONVERSION = YES;
				CLANG_WARN_INFINITE_RECURSION = YES;
				CLANG_WARN_INT_CONVERSION = YES;
				CLANG_WARN_NON_LITERAL_NULL_CONVERSION = YES;
				CLANG_WARN_OBJC_IMPLICIT_RETAIN_SELF = YES;
				CLANG_WARN_OBJC_LITERAL_CONVERSION = YES;
				CLANG_WARN_OBJC_ROOT_CLASS = YES_ERROR;
				CLANG_WARN_RANGE_LOOP_ANALYSIS = YES;
				CLANG_WARN_STRICT_PROTOTYPES = YES;
				CLANG_WARN_SUSPICIOUS_MOVE = YES;
				CLANG_WARN_UNGUARDED_AVAILABILITY = YES_AGGRESSIVE;
				CLANG_WARN_UNREACHABLE_CODE = YES;
				CLANG_WARN__DUPLICATE_METHOD_MATCH = YES;
				CODE_SIGN_IDENTITY = "iPhone Developer";
				COPY_PHASE_STRIP = NO;
				DEBUG_INFORMATION_FORMAT = "dwarf-with-dsym";
				ENABLE_NS_ASSERTIONS = NO;
				ENABLE_STRICT_OBJC_MSGSEND = YES;
				GCC_C_LANGUAGE_STANDARD = gnu11;
				GCC_NO_COMMON_BLOCKS = YES;
				GCC_WARN_64_TO_32_BIT_CONVERSION = YES;
				GCC_WARN_ABOUT_RETURN_TYPE = YES_ERROR;
				GCC_WARN_UNDECLARED_SELECTOR = YES;
				GCC_WARN_UNINITIALIZED_AUTOS = YES_AGGRESSIVE;
				GCC_WARN_UNUSED_FUNCTION = YES;
				GCC_WARN_UNUSED_VARIABLE = YES;
				IPHONEOS_DEPLOYMENT_TARGET = 12.2;
				MTL_ENABLE_DEBUG_INFO = NO;
				MTL_FAST_MATH = YES;
				SDKROOT = iphoneos;
				SWIFT_COMPILATION_MODE = wholemodule;
				SWIFT_OPTIMIZATION_LEVEL = "-O";
				VALIDATE_PRODUCT = YES;
			};
			name = Release;
		};
		5941D83C225359D600FDEEBA /* Debug */ = {
			isa = XCBuildConfiguration;
			baseConfigurationReference = C291E05659581482F9363EF6 /* Pods-PlayBand.debug.xcconfig */;
			buildSettings = {
				ASSETCATALOG_COMPILER_APPICON_NAME = AppIcon;
				CODE_SIGN_STYLE = Automatic;
				DEVELOPMENT_TEAM = G9J3D558CX;
				INFOPLIST_FILE = PlayBand/Info.plist;
				IPHONEOS_DEPLOYMENT_TARGET = 11.0;
				LD_RUNPATH_SEARCH_PATHS = (
					"$(inherited)",
					"@executable_path/Frameworks",
				);
				PRODUCT_BUNDLE_IDENTIFIER = com.chihhsuan.PlayBand;
				PRODUCT_NAME = "$(TARGET_NAME)";
				SWIFT_VERSION = 5.0;
				TARGETED_DEVICE_FAMILY = 1;
			};
			name = Debug;
		};
		5941D83D225359D600FDEEBA /* Release */ = {
			isa = XCBuildConfiguration;
			baseConfigurationReference = 4DC66BA7995D6F264BD1A145 /* Pods-PlayBand.release.xcconfig */;
			buildSettings = {
				ASSETCATALOG_COMPILER_APPICON_NAME = AppIcon;
				CODE_SIGN_STYLE = Automatic;
				DEVELOPMENT_TEAM = G9J3D558CX;
				INFOPLIST_FILE = PlayBand/Info.plist;
				IPHONEOS_DEPLOYMENT_TARGET = 11.0;
				LD_RUNPATH_SEARCH_PATHS = (
					"$(inherited)",
					"@executable_path/Frameworks",
				);
				PRODUCT_BUNDLE_IDENTIFIER = com.chihhsuan.PlayBand;
				PRODUCT_NAME = "$(TARGET_NAME)";
				SWIFT_VERSION = 5.0;
				TARGETED_DEVICE_FAMILY = 1;
			};
			name = Release;
		};
/* End XCBuildConfiguration section */

/* Begin XCConfigurationList section */
		5941D824225359D500FDEEBA /* Build configuration list for PBXProject "PlayBand" */ = {
			isa = XCConfigurationList;
			buildConfigurations = (
				5941D839225359D600FDEEBA /* Debug */,
				5941D83A225359D600FDEEBA /* Release */,
			);
			defaultConfigurationIsVisible = 0;
			defaultConfigurationName = Release;
		};
		5941D83B225359D600FDEEBA /* Build configuration list for PBXNativeTarget "PlayBand" */ = {
			isa = XCConfigurationList;
			buildConfigurations = (
				5941D83C225359D600FDEEBA /* Debug */,
				5941D83D225359D600FDEEBA /* Release */,
			);
			defaultConfigurationIsVisible = 0;
			defaultConfigurationName = Release;
		};
/* End XCConfigurationList section */
	};
	rootObject = 5941D821225359D500FDEEBA /* Project object */;
}
